// !$*UTF8*$!
{
	archiveVersion = 1;
	classes = {
	};
	objectVersion = 46;
	objects = {

/* Begin PBXBuildFile section */
		D21062EC1D4224620005A1A8 /* AppDelegate.swift in Sources */ = {isa = PBXBuildFile; fileRef = D21062EB1D4224620005A1A8 /* AppDelegate.swift */; };
		D21062EE1D4224620005A1A8 /* Assets.xcassets in Resources */ = {isa = PBXBuildFile; fileRef = D21062ED1D4224620005A1A8 /* Assets.xcassets */; };
		D21062F11D4224620005A1A8 /* MainMenu.xib in Resources */ = {isa = PBXBuildFile; fileRef = D21062EF1D4224620005A1A8 /* MainMenu.xib */; };
		D21062FF1D4224B80005A1A8 /* Cocoa.framework in Frameworks */ = {isa = PBXBuildFile; fileRef = D21062FE1D4224B80005A1A8 /* Cocoa.framework */; };
		D210630A1D4224B80005A1A8 /* XcodeWay.appex in Embed App Extensions */ = {isa = PBXBuildFile; fileRef = D21062FC1D4224B80005A1A8 /* XcodeWay.appex */; settings = {ATTRIBUTES = (RemoveHeadersOnCopy, ); }; };
		D21063AC1D422D030005A1A8 /* SourceEditorCommand.swift in Sources */ = {isa = PBXBuildFile; fileRef = D21063A91D422D030005A1A8 /* SourceEditorCommand.swift */; };
		D21063AD1D422D030005A1A8 /* SourceEditorExtension.swift in Sources */ = {isa = PBXBuildFile; fileRef = D21063AA1D422D030005A1A8 /* SourceEditorExtension.swift */; };
		D21063AF1D422D290005A1A8 /* MenuManager.swift in Sources */ = {isa = PBXBuildFile; fileRef = D21063AE1D422D290005A1A8 /* MenuManager.swift */; };
		D21063B01D422D460005A1A8 /* Navigator.swift in Sources */ = {isa = PBXBuildFile; fileRef = D210639D1D4227180005A1A8 /* Navigator.swift */; };
		D21063B21D422DE10005A1A8 /* Helper.swift in Sources */ = {isa = PBXBuildFile; fileRef = D21063B11D422DE10005A1A8 /* Helper.swift */; };
		D21063B31D422EB90005A1A8 /* iOS7SimulatorNavigator.swift in Sources */ = {isa = PBXBuildFile; fileRef = D210639C1D4227180005A1A8 /* iOS7SimulatorNavigator.swift */; };
		D21063B41D422EB90005A1A8 /* ProjectDerivedDataFolderNavigator.swift in Sources */ = {isa = PBXBuildFile; fileRef = D210639E1D4227180005A1A8 /* ProjectDerivedDataFolderNavigator.swift */; };
		D21063B51D422EB90005A1A8 /* ProvisioningProfileFolderNavigator.swift in Sources */ = {isa = PBXBuildFile; fileRef = D210639F1D4227180005A1A8 /* ProvisioningProfileFolderNavigator.swift */; };
		D21063B61D422EB90005A1A8 /* Separator.swift in Sources */ = {isa = PBXBuildFile; fileRef = D21063A01D4227180005A1A8 /* Separator.swift */; };
		D21063B71D422EB90005A1A8 /* ThemeFolderNavigator.swift in Sources */ = {isa = PBXBuildFile; fileRef = D21063A11D4227180005A1A8 /* ThemeFolderNavigator.swift */; };
		D21063B81D422EB90005A1A8 /* xcdebuggerFolderNavigator.swift in Sources */ = {isa = PBXBuildFile; fileRef = D21063A21D4227180005A1A8 /* xcdebuggerFolderNavigator.swift */; };
		D21063B91D422FFF0005A1A8 /* FTGTemplateFolderNavigator.m in Sources */ = {isa = PBXBuildFile; fileRef = D21063971D4227180005A1A8 /* FTGTemplateFolderNavigator.m */; };
		D21063BA1D4230010005A1A8 /* FTGTerminalNavigator.m in Sources */ = {isa = PBXBuildFile; fileRef = D21063991D4227180005A1A8 /* FTGTerminalNavigator.m */; };
		D21063BB1D4230040005A1A8 /* FTGUserDataFolderNavigator.m in Sources */ = {isa = PBXBuildFile; fileRef = D210639B1D4227180005A1A8 /* FTGUserDataFolderNavigator.m */; };
		D21063BC1D4230070005A1A8 /* FTGAboutNavigator.m in Sources */ = {isa = PBXBuildFile; fileRef = D21063811D4227180005A1A8 /* FTGAboutNavigator.m */; };
		D21063BD1D42300A0005A1A8 /* FTGArchiveFolderNavigator.m in Sources */ = {isa = PBXBuildFile; fileRef = D21063831D4227180005A1A8 /* FTGArchiveFolderNavigator.m */; };
		D21063BE1D42300D0005A1A8 /* FTGCurrentXcodeFolderNavigator.m in Sources */ = {isa = PBXBuildFile; fileRef = D21063851D4227180005A1A8 /* FTGCurrentXcodeFolderNavigator.m */; };
		D21063BF1D4230100005A1A8 /* FTGDerivedDataFolderNavigator.m in Sources */ = {isa = PBXBuildFile; fileRef = D21063871D4227180005A1A8 /* FTGDerivedDataFolderNavigator.m */; };
		D21063C01D4230120005A1A8 /* FTGDeviceLogFolderNavigator.m in Sources */ = {isa = PBXBuildFile; fileRef = D21063891D4227180005A1A8 /* FTGDeviceLogFolderNavigator.m */; };
		D21063C11D4230150005A1A8 /* FTGGitRepoNavigator.m in Sources */ = {isa = PBXBuildFile; fileRef = D210638B1D4227180005A1A8 /* FTGGitRepoNavigator.m */; };
		D21063C21D4230190005A1A8 /* FTGiTermNavigator.m in Sources */ = {isa = PBXBuildFile; fileRef = D210638D1D4227180005A1A8 /* FTGiTermNavigator.m */; };
		D21063C31D42301C0005A1A8 /* FTGPlugInsFolderNavigator.m in Sources */ = {isa = PBXBuildFile; fileRef = D210638F1D4227180005A1A8 /* FTGPlugInsFolderNavigator.m */; };
		D21063C41D42301F0005A1A8 /* FTGProjectFolderNavigator.m in Sources */ = {isa = PBXBuildFile; fileRef = D21063911D4227180005A1A8 /* FTGProjectFolderNavigator.m */; };
		D21063C51D4230220005A1A8 /* FTGSelectedXcodeFolderNavigator.m in Sources */ = {isa = PBXBuildFile; fileRef = D21063931D4227180005A1A8 /* FTGSelectedXcodeFolderNavigator.m */; };
		D21063C61D4230240005A1A8 /* FTGSimulatorFolderNavigator.m in Sources */ = {isa = PBXBuildFile; fileRef = D21063951D4227180005A1A8 /* FTGSimulatorFolderNavigator.m */; };
		D21063C71D4230E50005A1A8 /* FTGDirectoryHelper.m in Sources */ = {isa = PBXBuildFile; fileRef = D210637A1D4227180005A1A8 /* FTGDirectoryHelper.m */; };
		D21063C81D4230E50005A1A8 /* FTGDirectoryItem.m in Sources */ = {isa = PBXBuildFile; fileRef = D210637C1D4227180005A1A8 /* FTGDirectoryItem.m */; };
		D21063C91D4230E50005A1A8 /* FTGEnvironmentManager.m in Sources */ = {isa = PBXBuildFile; fileRef = D210637E1D4227180005A1A8 /* FTGEnvironmentManager.m */; };
		D21063CB1D4230ED0005A1A8 /* NSTask+FTGAdditions.m in Sources */ = {isa = PBXBuildFile; fileRef = D21063721D4227180005A1A8 /* NSTask+FTGAdditions.m */; };
		D21063CD1D42312B0005A1A8 /* Alert+Extensions.swift in Sources */ = {isa = PBXBuildFile; fileRef = D21063CC1D42312B0005A1A8 /* Alert+Extensions.swift */; };
		D21063D11D42322A0005A1A8 /* Task+Extensions.swift in Sources */ = {isa = PBXBuildFile; fileRef = D21063D01D42322A0005A1A8 /* Task+Extensions.swift */; };
		D2BA1AB71D4556BB00BE0094 /* ShowUUIDCommand.swift in Sources */ = {isa = PBXBuildFile; fileRef = D21063771D4227180005A1A8 /* ShowUUIDCommand.swift */; };
/* End PBXBuildFile section */

/* Begin PBXContainerItemProxy section */
		D21063081D4224B80005A1A8 /* PBXContainerItemProxy */ = {
			isa = PBXContainerItemProxy;
			containerPortal = D21062E01D4224620005A1A8 /* Project object */;
			proxyType = 1;
			remoteGlobalIDString = D21062FB1D4224B80005A1A8;
			remoteInfo = XcodeWay;
		};
/* End PBXContainerItemProxy section */

/* Begin PBXCopyFilesBuildPhase section */
		D210630E1D4224B80005A1A8 /* Embed App Extensions */ = {
			isa = PBXCopyFilesBuildPhase;
			buildActionMask = 2147483647;
			dstPath = "";
			dstSubfolderSpec = 13;
			files = (
				D210630A1D4224B80005A1A8 /* XcodeWay.appex in Embed App Extensions */,
			);
			name = "Embed App Extensions";
			runOnlyForDeploymentPostprocessing = 0;
		};
/* End PBXCopyFilesBuildPhase section */

/* Begin PBXFileReference section */
		D21062E81D4224620005A1A8 /* XcodeWayApp.app */ = {isa = PBXFileReference; explicitFileType = wrapper.application; includeInIndex = 0; path = XcodeWayApp.app; sourceTree = BUILT_PRODUCTS_DIR; };
		D21062EB1D4224620005A1A8 /* AppDelegate.swift */ = {isa = PBXFileReference; lastKnownFileType = sourcecode.swift; path = AppDelegate.swift; sourceTree = "<group>"; };
		D21062ED1D4224620005A1A8 /* Assets.xcassets */ = {isa = PBXFileReference; lastKnownFileType = folder.assetcatalog; path = Assets.xcassets; sourceTree = "<group>"; };
		D21062F01D4224620005A1A8 /* Base */ = {isa = PBXFileReference; lastKnownFileType = file.xib; name = Base; path = Base.lproj/MainMenu.xib; sourceTree = "<group>"; };
		D21062F21D4224620005A1A8 /* Info.plist */ = {isa = PBXFileReference; lastKnownFileType = text.plist.xml; path = Info.plist; sourceTree = "<group>"; };
		D21062FC1D4224B80005A1A8 /* XcodeWay.appex */ = {isa = PBXFileReference; explicitFileType = "wrapper.app-extension"; includeInIndex = 0; path = XcodeWay.appex; sourceTree = BUILT_PRODUCTS_DIR; };
		D21062FE1D4224B80005A1A8 /* Cocoa.framework */ = {isa = PBXFileReference; lastKnownFileType = wrapper.framework; name = Cocoa.framework; path = System/Library/Frameworks/Cocoa.framework; sourceTree = SDKROOT; };
		D21063021D4224B80005A1A8 /* XcodeWay.entitlements */ = {isa = PBXFileReference; lastKnownFileType = text.plist.entitlements; path = XcodeWay.entitlements; sourceTree = "<group>"; };
		D21063071D4224B80005A1A8 /* Info.plist */ = {isa = PBXFileReference; lastKnownFileType = text.plist.xml; path = Info.plist; sourceTree = "<group>"; };
		D21063711D4227180005A1A8 /* NSTask+FTGAdditions.h */ = {isa = PBXFileReference; lastKnownFileType = sourcecode.c.h; path = "NSTask+FTGAdditions.h"; sourceTree = "<group>"; };
		D21063721D4227180005A1A8 /* NSTask+FTGAdditions.m */ = {isa = PBXFileReference; lastKnownFileType = sourcecode.c.objc; path = "NSTask+FTGAdditions.m"; sourceTree = "<group>"; };
		D21063741D4227180005A1A8 /* Commander.swift */ = {isa = PBXFileReference; lastKnownFileType = sourcecode.swift; path = Commander.swift; sourceTree = "<group>"; };
		D21063751D4227180005A1A8 /* ListTopFileCommand.swift */ = {isa = PBXFileReference; lastKnownFileType = sourcecode.swift; path = ListTopFileCommand.swift; sourceTree = "<group>"; };
		D21063761D4227180005A1A8 /* ShowSelectedXcodePathCommand.swift */ = {isa = PBXFileReference; lastKnownFileType = sourcecode.swift; path = ShowSelectedXcodePathCommand.swift; sourceTree = "<group>"; };
		D21063771D4227180005A1A8 /* ShowUUIDCommand.swift */ = {isa = PBXFileReference; lastKnownFileType = sourcecode.swift; path = ShowUUIDCommand.swift; sourceTree = "<group>"; };
		D21063791D4227180005A1A8 /* FTGDirectoryHelper.h */ = {isa = PBXFileReference; lastKnownFileType = sourcecode.c.h; path = FTGDirectoryHelper.h; sourceTree = "<group>"; };
		D210637A1D4227180005A1A8 /* FTGDirectoryHelper.m */ = {isa = PBXFileReference; lastKnownFileType = sourcecode.c.objc; path = FTGDirectoryHelper.m; sourceTree = "<group>"; };
		D210637B1D4227180005A1A8 /* FTGDirectoryItem.h */ = {isa = PBXFileReference; lastKnownFileType = sourcecode.c.h; path = FTGDirectoryItem.h; sourceTree = "<group>"; };
		D210637C1D4227180005A1A8 /* FTGDirectoryItem.m */ = {isa = PBXFileReference; lastKnownFileType = sourcecode.c.objc; path = FTGDirectoryItem.m; sourceTree = "<group>"; };
		D210637D1D4227180005A1A8 /* FTGEnvironmentManager.h */ = {isa = PBXFileReference; lastKnownFileType = sourcecode.c.h; path = FTGEnvironmentManager.h; sourceTree = "<group>"; };
		D210637E1D4227180005A1A8 /* FTGEnvironmentManager.m */ = {isa = PBXFileReference; lastKnownFileType = sourcecode.c.objc; path = FTGEnvironmentManager.m; sourceTree = "<group>"; };
		D21063801D4227180005A1A8 /* FTGAboutNavigator.h */ = {isa = PBXFileReference; lastKnownFileType = sourcecode.c.h; path = FTGAboutNavigator.h; sourceTree = "<group>"; };
		D21063811D4227180005A1A8 /* FTGAboutNavigator.m */ = {isa = PBXFileReference; lastKnownFileType = sourcecode.c.objc; path = FTGAboutNavigator.m; sourceTree = "<group>"; };
		D21063821D4227180005A1A8 /* FTGArchiveFolderNavigator.h */ = {isa = PBXFileReference; lastKnownFileType = sourcecode.c.h; path = FTGArchiveFolderNavigator.h; sourceTree = "<group>"; };
		D21063831D4227180005A1A8 /* FTGArchiveFolderNavigator.m */ = {isa = PBXFileReference; lastKnownFileType = sourcecode.c.objc; path = FTGArchiveFolderNavigator.m; sourceTree = "<group>"; };
		D21063841D4227180005A1A8 /* FTGCurrentXcodeFolderNavigator.h */ = {isa = PBXFileReference; lastKnownFileType = sourcecode.c.h; path = FTGCurrentXcodeFolderNavigator.h; sourceTree = "<group>"; };
		D21063851D4227180005A1A8 /* FTGCurrentXcodeFolderNavigator.m */ = {isa = PBXFileReference; lastKnownFileType = sourcecode.c.objc; path = FTGCurrentXcodeFolderNavigator.m; sourceTree = "<group>"; };
		D21063861D4227180005A1A8 /* FTGDerivedDataFolderNavigator.h */ = {isa = PBXFileReference; lastKnownFileType = sourcecode.c.h; path = FTGDerivedDataFolderNavigator.h; sourceTree = "<group>"; };
		D21063871D4227180005A1A8 /* FTGDerivedDataFolderNavigator.m */ = {isa = PBXFileReference; lastKnownFileType = sourcecode.c.objc; path = FTGDerivedDataFolderNavigator.m; sourceTree = "<group>"; };
		D21063881D4227180005A1A8 /* FTGDeviceLogFolderNavigator.h */ = {isa = PBXFileReference; lastKnownFileType = sourcecode.c.h; path = FTGDeviceLogFolderNavigator.h; sourceTree = "<group>"; };
		D21063891D4227180005A1A8 /* FTGDeviceLogFolderNavigator.m */ = {isa = PBXFileReference; lastKnownFileType = sourcecode.c.objc; path = FTGDeviceLogFolderNavigator.m; sourceTree = "<group>"; };
		D210638A1D4227180005A1A8 /* FTGGitRepoNavigator.h */ = {isa = PBXFileReference; lastKnownFileType = sourcecode.c.h; path = FTGGitRepoNavigator.h; sourceTree = "<group>"; };
		D210638B1D4227180005A1A8 /* FTGGitRepoNavigator.m */ = {isa = PBXFileReference; lastKnownFileType = sourcecode.c.objc; path = FTGGitRepoNavigator.m; sourceTree = "<group>"; };
		D210638C1D4227180005A1A8 /* FTGiTermNavigator.h */ = {isa = PBXFileReference; lastKnownFileType = sourcecode.c.h; path = FTGiTermNavigator.h; sourceTree = "<group>"; };
		D210638D1D4227180005A1A8 /* FTGiTermNavigator.m */ = {isa = PBXFileReference; lastKnownFileType = sourcecode.c.objc; path = FTGiTermNavigator.m; sourceTree = "<group>"; };
		D210638E1D4227180005A1A8 /* FTGPlugInsFolderNavigator.h */ = {isa = PBXFileReference; lastKnownFileType = sourcecode.c.h; path = FTGPlugInsFolderNavigator.h; sourceTree = "<group>"; };
		D210638F1D4227180005A1A8 /* FTGPlugInsFolderNavigator.m */ = {isa = PBXFileReference; lastKnownFileType = sourcecode.c.objc; path = FTGPlugInsFolderNavigator.m; sourceTree = "<group>"; };
		D21063901D4227180005A1A8 /* FTGProjectFolderNavigator.h */ = {isa = PBXFileReference; lastKnownFileType = sourcecode.c.h; path = FTGProjectFolderNavigator.h; sourceTree = "<group>"; };
		D21063911D4227180005A1A8 /* FTGProjectFolderNavigator.m */ = {isa = PBXFileReference; lastKnownFileType = sourcecode.c.objc; path = FTGProjectFolderNavigator.m; sourceTree = "<group>"; };
		D21063921D4227180005A1A8 /* FTGSelectedXcodeFolderNavigator.h */ = {isa = PBXFileReference; lastKnownFileType = sourcecode.c.h; path = FTGSelectedXcodeFolderNavigator.h; sourceTree = "<group>"; };
		D21063931D4227180005A1A8 /* FTGSelectedXcodeFolderNavigator.m */ = {isa = PBXFileReference; lastKnownFileType = sourcecode.c.objc; path = FTGSelectedXcodeFolderNavigator.m; sourceTree = "<group>"; };
		D21063941D4227180005A1A8 /* FTGSimulatorFolderNavigator.h */ = {isa = PBXFileReference; lastKnownFileType = sourcecode.c.h; path = FTGSimulatorFolderNavigator.h; sourceTree = "<group>"; };
		D21063951D4227180005A1A8 /* FTGSimulatorFolderNavigator.m */ = {isa = PBXFileReference; lastKnownFileType = sourcecode.c.objc; path = FTGSimulatorFolderNavigator.m; sourceTree = "<group>"; };
		D21063961D4227180005A1A8 /* FTGTemplateFolderNavigator.h */ = {isa = PBXFileReference; lastKnownFileType = sourcecode.c.h; path = FTGTemplateFolderNavigator.h; sourceTree = "<group>"; };
		D21063971D4227180005A1A8 /* FTGTemplateFolderNavigator.m */ = {isa = PBXFileReference; lastKnownFileType = sourcecode.c.objc; path = FTGTemplateFolderNavigator.m; sourceTree = "<group>"; };
		D21063981D4227180005A1A8 /* FTGTerminalNavigator.h */ = {isa = PBXFileReference; lastKnownFileType = sourcecode.c.h; path = FTGTerminalNavigator.h; sourceTree = "<group>"; };
		D21063991D4227180005A1A8 /* FTGTerminalNavigator.m */ = {isa = PBXFileReference; lastKnownFileType = sourcecode.c.objc; path = FTGTerminalNavigator.m; sourceTree = "<group>"; };
		D210639A1D4227180005A1A8 /* FTGUserDataFolderNavigator.h */ = {isa = PBXFileReference; lastKnownFileType = sourcecode.c.h; path = FTGUserDataFolderNavigator.h; sourceTree = "<group>"; };
		D210639B1D4227180005A1A8 /* FTGUserDataFolderNavigator.m */ = {isa = PBXFileReference; lastKnownFileType = sourcecode.c.objc; path = FTGUserDataFolderNavigator.m; sourceTree = "<group>"; };
		D210639C1D4227180005A1A8 /* iOS7SimulatorNavigator.swift */ = {isa = PBXFileReference; lastKnownFileType = sourcecode.swift; path = iOS7SimulatorNavigator.swift; sourceTree = "<group>"; };
		D210639D1D4227180005A1A8 /* Navigator.swift */ = {isa = PBXFileReference; lastKnownFileType = sourcecode.swift; path = Navigator.swift; sourceTree = "<group>"; };
		D210639E1D4227180005A1A8 /* ProjectDerivedDataFolderNavigator.swift */ = {isa = PBXFileReference; lastKnownFileType = sourcecode.swift; path = ProjectDerivedDataFolderNavigator.swift; sourceTree = "<group>"; };
		D210639F1D4227180005A1A8 /* ProvisioningProfileFolderNavigator.swift */ = {isa = PBXFileReference; lastKnownFileType = sourcecode.swift; path = ProvisioningProfileFolderNavigator.swift; sourceTree = "<group>"; };
		D21063A01D4227180005A1A8 /* Separator.swift */ = {isa = PBXFileReference; lastKnownFileType = sourcecode.swift; path = Separator.swift; sourceTree = "<group>"; };
		D21063A11D4227180005A1A8 /* ThemeFolderNavigator.swift */ = {isa = PBXFileReference; lastKnownFileType = sourcecode.swift; path = ThemeFolderNavigator.swift; sourceTree = "<group>"; };
		D21063A21D4227180005A1A8 /* xcdebuggerFolderNavigator.swift */ = {isa = PBXFileReference; lastKnownFileType = sourcecode.swift; path = xcdebuggerFolderNavigator.swift; sourceTree = "<group>"; };
		D21063A41D4227180005A1A8 /* XcodeWay-Bridging-Header.h */ = {isa = PBXFileReference; lastKnownFileType = sourcecode.c.h; path = "XcodeWay-Bridging-Header.h"; sourceTree = "<group>"; };
		D21063A51D4227180005A1A8 /* XcodeWay.swift */ = {isa = PBXFileReference; lastKnownFileType = sourcecode.swift; path = XcodeWay.swift; sourceTree = "<group>"; };
		D21063A61D4227180005A1A8 /* XcodeWay-Legacy-Info.plist */ = {isa = PBXFileReference; lastKnownFileType = text.plist.xml; path = "XcodeWay-Legacy-Info.plist"; sourceTree = "<group>"; };
		D21063A91D422D030005A1A8 /* SourceEditorCommand.swift */ = {isa = PBXFileReference; fileEncoding = 4; lastKnownFileType = sourcecode.swift; path = SourceEditorCommand.swift; sourceTree = "<group>"; };
		D21063AA1D422D030005A1A8 /* SourceEditorExtension.swift */ = {isa = PBXFileReference; fileEncoding = 4; lastKnownFileType = sourcecode.swift; path = SourceEditorExtension.swift; sourceTree = "<group>"; };
		D21063AE1D422D290005A1A8 /* MenuManager.swift */ = {isa = PBXFileReference; fileEncoding = 4; lastKnownFileType = sourcecode.swift; path = MenuManager.swift; sourceTree = "<group>"; };
		D21063B11D422DE10005A1A8 /* Helper.swift */ = {isa = PBXFileReference; fileEncoding = 4; lastKnownFileType = sourcecode.swift; path = Helper.swift; sourceTree = "<group>"; };
		D21063CC1D42312B0005A1A8 /* Alert+Extensions.swift */ = {isa = PBXFileReference; fileEncoding = 4; lastKnownFileType = sourcecode.swift; path = "Alert+Extensions.swift"; sourceTree = "<group>"; };
		D21063D01D42322A0005A1A8 /* Task+Extensions.swift */ = {isa = PBXFileReference; fileEncoding = 4; lastKnownFileType = sourcecode.swift; path = "Task+Extensions.swift"; sourceTree = "<group>"; };
/* End PBXFileReference section */

/* Begin PBXFrameworksBuildPhase section */
		D21062E51D4224620005A1A8 /* Frameworks */ = {
			isa = PBXFrameworksBuildPhase;
			buildActionMask = 2147483647;
			files = (
			);
			runOnlyForDeploymentPostprocessing = 0;
		};
		D21062F91D4224B80005A1A8 /* Frameworks */ = {
			isa = PBXFrameworksBuildPhase;
			buildActionMask = 2147483647;
			files = (
				D21062FF1D4224B80005A1A8 /* Cocoa.framework in Frameworks */,
			);
			runOnlyForDeploymentPostprocessing = 0;
		};
/* End PBXFrameworksBuildPhase section */

/* Begin PBXGroup section */
		D21062DF1D4224620005A1A8 = {
			isa = PBXGroup;
			children = (
				D210636D1D4227180005A1A8 /* XcodeWay_Legacy */,
				D21062EA1D4224620005A1A8 /* XcodeWayApp */,
				D21063001D4224B80005A1A8 /* XcodeWay */,
				D21062FD1D4224B80005A1A8 /* Frameworks */,
				D21062E91D4224620005A1A8 /* Products */,
			);
			sourceTree = "<group>";
		};
		D21062E91D4224620005A1A8 /* Products */ = {
			isa = PBXGroup;
			children = (
				D21062E81D4224620005A1A8 /* XcodeWayApp.app */,
				D21062FC1D4224B80005A1A8 /* XcodeWay.appex */,
			);
			name = Products;
			sourceTree = "<group>";
		};
		D21062EA1D4224620005A1A8 /* XcodeWayApp */ = {
			isa = PBXGroup;
			children = (
				D21062EB1D4224620005A1A8 /* AppDelegate.swift */,
				D21062ED1D4224620005A1A8 /* Assets.xcassets */,
				D21062EF1D4224620005A1A8 /* MainMenu.xib */,
				D21062F21D4224620005A1A8 /* Info.plist */,
			);
			name = XcodeWayApp;
			path = XcodeWay;
			sourceTree = "<group>";
		};
		D21062FD1D4224B80005A1A8 /* Frameworks */ = {
			isa = PBXGroup;
			children = (
				D21062FE1D4224B80005A1A8 /* Cocoa.framework */,
			);
			name = Frameworks;
			sourceTree = "<group>";
		};
		D21063001D4224B80005A1A8 /* XcodeWay */ = {
			isa = PBXGroup;
			children = (
				D21063A81D422D030005A1A8 /* Extensions */,
				D21063AB1D422D030005A1A8 /* Helper */,
				D21063071D4224B80005A1A8 /* Info.plist */,
				D21063011D4224B80005A1A8 /* Supporting Files */,
			);
			path = XcodeWay;
			sourceTree = "<group>";
		};
		D21063011D4224B80005A1A8 /* Supporting Files */ = {
			isa = PBXGroup;
			children = (
				D21063021D4224B80005A1A8 /* XcodeWay.entitlements */,
			);
			name = "Supporting Files";
			sourceTree = "<group>";
		};
		D210636D1D4227180005A1A8 /* XcodeWay_Legacy */ = {
			isa = PBXGroup;
			children = (
				D210636E1D4227180005A1A8 /* Categories */,
				D21063731D4227180005A1A8 /* Command */,
				D21063781D4227180005A1A8 /* Helper */,
				D210637F1D4227180005A1A8 /* Navigator */,
				D21063A31D4227180005A1A8 /* Plugin */,
				D21063A61D4227180005A1A8 /* XcodeWay-Legacy-Info.plist */,
			);
			path = XcodeWay_Legacy;
			sourceTree = "<group>";
		};
		D210636E1D4227180005A1A8 /* Categories */ = {
			isa = PBXGroup;
			children = (
				D21063711D4227180005A1A8 /* NSTask+FTGAdditions.h */,
				D21063721D4227180005A1A8 /* NSTask+FTGAdditions.m */,
				D21063CC1D42312B0005A1A8 /* Alert+Extensions.swift */,
				D21063D01D42322A0005A1A8 /* Task+Extensions.swift */,
			);
			path = Categories;
			sourceTree = "<group>";
		};
		D21063731D4227180005A1A8 /* Command */ = {
			isa = PBXGroup;
			children = (
				D21063741D4227180005A1A8 /* Commander.swift */,
				D21063751D4227180005A1A8 /* ListTopFileCommand.swift */,
				D21063761D4227180005A1A8 /* ShowSelectedXcodePathCommand.swift */,
				D21063771D4227180005A1A8 /* ShowUUIDCommand.swift */,
			);
			path = Command;
			sourceTree = "<group>";
		};
		D21063781D4227180005A1A8 /* Helper */ = {
			isa = PBXGroup;
			children = (
				D21063791D4227180005A1A8 /* FTGDirectoryHelper.h */,
				D210637A1D4227180005A1A8 /* FTGDirectoryHelper.m */,
				D210637B1D4227180005A1A8 /* FTGDirectoryItem.h */,
				D210637C1D4227180005A1A8 /* FTGDirectoryItem.m */,
				D210637D1D4227180005A1A8 /* FTGEnvironmentManager.h */,
				D210637E1D4227180005A1A8 /* FTGEnvironmentManager.m */,
			);
			path = Helper;
			sourceTree = "<group>";
		};
		D210637F1D4227180005A1A8 /* Navigator */ = {
			isa = PBXGroup;
			children = (
				D21063801D4227180005A1A8 /* FTGAboutNavigator.h */,
				D21063811D4227180005A1A8 /* FTGAboutNavigator.m */,
				D21063821D4227180005A1A8 /* FTGArchiveFolderNavigator.h */,
				D21063831D4227180005A1A8 /* FTGArchiveFolderNavigator.m */,
				D21063841D4227180005A1A8 /* FTGCurrentXcodeFolderNavigator.h */,
				D21063851D4227180005A1A8 /* FTGCurrentXcodeFolderNavigator.m */,
				D21063861D4227180005A1A8 /* FTGDerivedDataFolderNavigator.h */,
				D21063871D4227180005A1A8 /* FTGDerivedDataFolderNavigator.m */,
				D21063881D4227180005A1A8 /* FTGDeviceLogFolderNavigator.h */,
				D21063891D4227180005A1A8 /* FTGDeviceLogFolderNavigator.m */,
				D210638A1D4227180005A1A8 /* FTGGitRepoNavigator.h */,
				D210638B1D4227180005A1A8 /* FTGGitRepoNavigator.m */,
				D210638C1D4227180005A1A8 /* FTGiTermNavigator.h */,
				D210638D1D4227180005A1A8 /* FTGiTermNavigator.m */,
				D210638E1D4227180005A1A8 /* FTGPlugInsFolderNavigator.h */,
				D210638F1D4227180005A1A8 /* FTGPlugInsFolderNavigator.m */,
				D21063901D4227180005A1A8 /* FTGProjectFolderNavigator.h */,
				D21063911D4227180005A1A8 /* FTGProjectFolderNavigator.m */,
				D21063921D4227180005A1A8 /* FTGSelectedXcodeFolderNavigator.h */,
				D21063931D4227180005A1A8 /* FTGSelectedXcodeFolderNavigator.m */,
				D21063941D4227180005A1A8 /* FTGSimulatorFolderNavigator.h */,
				D21063951D4227180005A1A8 /* FTGSimulatorFolderNavigator.m */,
				D21063961D4227180005A1A8 /* FTGTemplateFolderNavigator.h */,
				D21063971D4227180005A1A8 /* FTGTemplateFolderNavigator.m */,
				D21063981D4227180005A1A8 /* FTGTerminalNavigator.h */,
				D21063991D4227180005A1A8 /* FTGTerminalNavigator.m */,
				D210639A1D4227180005A1A8 /* FTGUserDataFolderNavigator.h */,
				D210639B1D4227180005A1A8 /* FTGUserDataFolderNavigator.m */,
				D210639C1D4227180005A1A8 /* iOS7SimulatorNavigator.swift */,
				D210639D1D4227180005A1A8 /* Navigator.swift */,
				D210639E1D4227180005A1A8 /* ProjectDerivedDataFolderNavigator.swift */,
				D210639F1D4227180005A1A8 /* ProvisioningProfileFolderNavigator.swift */,
				D21063A01D4227180005A1A8 /* Separator.swift */,
				D21063A11D4227180005A1A8 /* ThemeFolderNavigator.swift */,
				D21063A21D4227180005A1A8 /* xcdebuggerFolderNavigator.swift */,
			);
			path = Navigator;
			sourceTree = "<group>";
		};
		D21063A31D4227180005A1A8 /* Plugin */ = {
			isa = PBXGroup;
			children = (
				D21063A41D4227180005A1A8 /* XcodeWay-Bridging-Header.h */,
				D21063A51D4227180005A1A8 /* XcodeWay.swift */,
			);
			path = Plugin;
			sourceTree = "<group>";
		};
		D21063A81D422D030005A1A8 /* Extensions */ = {
			isa = PBXGroup;
			children = (
				D21063A91D422D030005A1A8 /* SourceEditorCommand.swift */,
				D21063AA1D422D030005A1A8 /* SourceEditorExtension.swift */,
			);
			path = Extensions;
			sourceTree = "<group>";
		};
		D21063AB1D422D030005A1A8 /* Helper */ = {
			isa = PBXGroup;
			children = (
				D21063AE1D422D290005A1A8 /* MenuManager.swift */,
				D21063B11D422DE10005A1A8 /* Helper.swift */,
			);
			path = Helper;
			sourceTree = "<group>";
		};
/* End PBXGroup section */

/* Begin PBXNativeTarget section */
		D21062E71D4224620005A1A8 /* XcodeWayApp */ = {
			isa = PBXNativeTarget;
			buildConfigurationList = D21062F51D4224620005A1A8 /* Build configuration list for PBXNativeTarget "XcodeWayApp" */;
			buildPhases = (
				D21062E41D4224620005A1A8 /* Sources */,
				D21062E51D4224620005A1A8 /* Frameworks */,
				D21062E61D4224620005A1A8 /* Resources */,
				D210630E1D4224B80005A1A8 /* Embed App Extensions */,
			);
			buildRules = (
			);
			dependencies = (
				D21063091D4224B80005A1A8 /* PBXTargetDependency */,
			);
			name = XcodeWayApp;
			productName = XcodeWay;
			productReference = D21062E81D4224620005A1A8 /* XcodeWayApp.app */;
			productType = "com.apple.product-type.application";
		};
		D21062FB1D4224B80005A1A8 /* XcodeWay */ = {
			isa = PBXNativeTarget;
			buildConfigurationList = D210630B1D4224B80005A1A8 /* Build configuration list for PBXNativeTarget "XcodeWay" */;
			buildPhases = (
				D21062F81D4224B80005A1A8 /* Sources */,
				D21062F91D4224B80005A1A8 /* Frameworks */,
				D21062FA1D4224B80005A1A8 /* Resources */,
			);
			buildRules = (
			);
			dependencies = (
			);
			name = XcodeWay;
			productName = XcodeWay;
			productReference = D21062FC1D4224B80005A1A8 /* XcodeWay.appex */;
			productType = "com.apple.product-type.xcode-extension";
		};
/* End PBXNativeTarget section */

/* Begin PBXProject section */
		D21062E01D4224620005A1A8 /* Project object */ = {
			isa = PBXProject;
			attributes = {
				LastSwiftUpdateCheck = 0800;
				LastUpgradeCheck = 0800;
				ORGANIZATIONNAME = Fantageek;
				TargetAttributes = {
					D21062E71D4224620005A1A8 = {
						CreatedOnToolsVersion = 8.0;
						DevelopmentTeam = T78DK947F2;
						DevelopmentTeamName = "Khoa Pham";
						ProvisioningStyle = Automatic;
					};
					D21062FB1D4224B80005A1A8 = {
						CreatedOnToolsVersion = 8.0;
						DevelopmentTeam = T78DK947F2;
						DevelopmentTeamName = "Khoa Pham";
						ProvisioningStyle = Automatic;
					};
				};
			};
			buildConfigurationList = D21062E31D4224620005A1A8 /* Build configuration list for PBXProject "XcodeWay" */;
			compatibilityVersion = "Xcode 3.2";
			developmentRegion = English;
			hasScannedForEncodings = 0;
			knownRegions = (
				en,
				Base,
			);
			mainGroup = D21062DF1D4224620005A1A8;
			productRefGroup = D21062E91D4224620005A1A8 /* Products */;
			projectDirPath = "";
			projectRoot = "";
			targets = (
				D21062E71D4224620005A1A8 /* XcodeWayApp */,
				D21062FB1D4224B80005A1A8 /* XcodeWay */,
			);
		};
/* End PBXProject section */

/* Begin PBXResourcesBuildPhase section */
		D21062E61D4224620005A1A8 /* Resources */ = {
			isa = PBXResourcesBuildPhase;
			buildActionMask = 2147483647;
			files = (
				D21062EE1D4224620005A1A8 /* Assets.xcassets in Resources */,
				D21062F11D4224620005A1A8 /* MainMenu.xib in Resources */,
			);
			runOnlyForDeploymentPostprocessing = 0;
		};
		D21062FA1D4224B80005A1A8 /* Resources */ = {
			isa = PBXResourcesBuildPhase;
			buildActionMask = 2147483647;
			files = (
			);
			runOnlyForDeploymentPostprocessing = 0;
		};
/* End PBXResourcesBuildPhase section */

/* Begin PBXSourcesBuildPhase section */
		D21062E41D4224620005A1A8 /* Sources */ = {
			isa = PBXSourcesBuildPhase;
			buildActionMask = 2147483647;
			files = (
				D21062EC1D4224620005A1A8 /* AppDelegate.swift in Sources */,
			);
			runOnlyForDeploymentPostprocessing = 0;
		};
		D21062F81D4224B80005A1A8 /* Sources */ = {
			isa = PBXSourcesBuildPhase;
			buildActionMask = 2147483647;
			files = (
				D21063BD1D42300A0005A1A8 /* FTGArchiveFolderNavigator.m in Sources */,
				D21063C21D4230190005A1A8 /* FTGiTermNavigator.m in Sources */,
				D21063BA1D4230010005A1A8 /* FTGTerminalNavigator.m in Sources */,
				D21063C81D4230E50005A1A8 /* FTGDirectoryItem.m in Sources */,
				D21063C11D4230150005A1A8 /* FTGGitRepoNavigator.m in Sources */,
				D21063CD1D42312B0005A1A8 /* Alert+Extensions.swift in Sources */,
				D21063AF1D422D290005A1A8 /* MenuManager.swift in Sources */,
				D2BA1AB71D4556BB00BE0094 /* ShowUUIDCommand.swift in Sources */,
				D21063B71D422EB90005A1A8 /* ThemeFolderNavigator.swift in Sources */,
				D21063B01D422D460005A1A8 /* Navigator.swift in Sources */,
				D21063CB1D4230ED0005A1A8 /* NSTask+FTGAdditions.m in Sources */,
				D21063B51D422EB90005A1A8 /* ProvisioningProfileFolderNavigator.swift in Sources */,
				D21063B31D422EB90005A1A8 /* iOS7SimulatorNavigator.swift in Sources */,
				D21063BC1D4230070005A1A8 /* FTGAboutNavigator.m in Sources */,
				D21063B81D422EB90005A1A8 /* xcdebuggerFolderNavigator.swift in Sources */,
				D21063C71D4230E50005A1A8 /* FTGDirectoryHelper.m in Sources */,
				D21063BE1D42300D0005A1A8 /* FTGCurrentXcodeFolderNavigator.m in Sources */,
				D21063C31D42301C0005A1A8 /* FTGPlugInsFolderNavigator.m in Sources */,
				D21063C01D4230120005A1A8 /* FTGDeviceLogFolderNavigator.m in Sources */,
				D21063B21D422DE10005A1A8 /* Helper.swift in Sources */,
				D21063BF1D4230100005A1A8 /* FTGDerivedDataFolderNavigator.m in Sources */,
				D21063C51D4230220005A1A8 /* FTGSelectedXcodeFolderNavigator.m in Sources */,
				D21063C61D4230240005A1A8 /* FTGSimulatorFolderNavigator.m in Sources */,
				D21063AC1D422D030005A1A8 /* SourceEditorCommand.swift in Sources */,
				D21063AD1D422D030005A1A8 /* SourceEditorExtension.swift in Sources */,
				D21063C41D42301F0005A1A8 /* FTGProjectFolderNavigator.m in Sources */,
				D21063B41D422EB90005A1A8 /* ProjectDerivedDataFolderNavigator.swift in Sources */,
				D21063B61D422EB90005A1A8 /* Separator.swift in Sources */,
				D21063BB1D4230040005A1A8 /* FTGUserDataFolderNavigator.m in Sources */,
				D21063B91D422FFF0005A1A8 /* FTGTemplateFolderNavigator.m in Sources */,
				D21063D11D42322A0005A1A8 /* Task+Extensions.swift in Sources */,
				D21063C91D4230E50005A1A8 /* FTGEnvironmentManager.m in Sources */,
			);
			runOnlyForDeploymentPostprocessing = 0;
		};
/* End PBXSourcesBuildPhase section */

/* Begin PBXTargetDependency section */
		D21063091D4224B80005A1A8 /* PBXTargetDependency */ = {
			isa = PBXTargetDependency;
			target = D21062FB1D4224B80005A1A8 /* XcodeWay */;
			targetProxy = D21063081D4224B80005A1A8 /* PBXContainerItemProxy */;
		};
/* End PBXTargetDependency section */

/* Begin PBXVariantGroup section */
		D21062EF1D4224620005A1A8 /* MainMenu.xib */ = {
			isa = PBXVariantGroup;
			children = (
				D21062F01D4224620005A1A8 /* Base */,
			);
			name = MainMenu.xib;
			sourceTree = "<group>";
		};
/* End PBXVariantGroup section */

/* Begin XCBuildConfiguration section */
		D21062F31D4224620005A1A8 /* Debug */ = {
			isa = XCBuildConfiguration;
			buildSettings = {
				ALWAYS_SEARCH_USER_PATHS = NO;
				CLANG_ANALYZER_NONNULL = YES;
				CLANG_CXX_LANGUAGE_STANDARD = "gnu++0x";
				CLANG_CXX_LIBRARY = "libc++";
				CLANG_ENABLE_MODULES = YES;
				CLANG_ENABLE_OBJC_ARC = YES;
				CLANG_WARN_BOOL_CONVERSION = YES;
				CLANG_WARN_CONSTANT_CONVERSION = YES;
				CLANG_WARN_DIRECT_OBJC_ISA_USAGE = YES_ERROR;
				CLANG_WARN_DOCUMENTATION_COMMENTS = YES;
				CLANG_WARN_EMPTY_BODY = YES;
				CLANG_WARN_ENUM_CONVERSION = YES;
				CLANG_WARN_INT_CONVERSION = YES;
				CLANG_WARN_OBJC_ROOT_CLASS = YES_ERROR;
				CLANG_WARN_UNREACHABLE_CODE = YES;
				CLANG_WARN__DUPLICATE_METHOD_MATCH = YES;
				CODE_SIGN_IDENTITY = "-";
				COPY_PHASE_STRIP = NO;
				DEBUG_INFORMATION_FORMAT = dwarf;
				ENABLE_STRICT_OBJC_MSGSEND = YES;
				ENABLE_TESTABILITY = YES;
				GCC_C_LANGUAGE_STANDARD = gnu99;
				GCC_DYNAMIC_NO_PIC = NO;
				GCC_NO_COMMON_BLOCKS = YES;
				GCC_OPTIMIZATION_LEVEL = 0;
				GCC_PREPROCESSOR_DEFINITIONS = (
					"DEBUG=1",
					"$(inherited)",
				);
				GCC_WARN_64_TO_32_BIT_CONVERSION = YES;
				GCC_WARN_ABOUT_RETURN_TYPE = YES_ERROR;
				GCC_WARN_UNDECLARED_SELECTOR = YES;
				GCC_WARN_UNINITIALIZED_AUTOS = YES_AGGRESSIVE;
				GCC_WARN_UNUSED_FUNCTION = YES;
				GCC_WARN_UNUSED_VARIABLE = YES;
				MACOSX_DEPLOYMENT_TARGET = 10.11;
				MTL_ENABLE_DEBUG_INFO = YES;
				ONLY_ACTIVE_ARCH = YES;
				SDKROOT = macosx;
				SWIFT_ACTIVE_COMPILATION_CONDITIONS = DEBUG;
				SWIFT_OPTIMIZATION_LEVEL = "-Onone";
			};
			name = Debug;
		};
		D21062F41D4224620005A1A8 /* Release */ = {
			isa = XCBuildConfiguration;
			buildSettings = {
				ALWAYS_SEARCH_USER_PATHS = NO;
				CLANG_ANALYZER_NONNULL = YES;
				CLANG_CXX_LANGUAGE_STANDARD = "gnu++0x";
				CLANG_CXX_LIBRARY = "libc++";
				CLANG_ENABLE_MODULES = YES;
				CLANG_ENABLE_OBJC_ARC = YES;
				CLANG_WARN_BOOL_CONVERSION = YES;
				CLANG_WARN_CONSTANT_CONVERSION = YES;
				CLANG_WARN_DIRECT_OBJC_ISA_USAGE = YES_ERROR;
				CLANG_WARN_DOCUMENTATION_COMMENTS = YES;
				CLANG_WARN_EMPTY_BODY = YES;
				CLANG_WARN_ENUM_CONVERSION = YES;
				CLANG_WARN_INT_CONVERSION = YES;
				CLANG_WARN_OBJC_ROOT_CLASS = YES_ERROR;
				CLANG_WARN_UNREACHABLE_CODE = YES;
				CLANG_WARN__DUPLICATE_METHOD_MATCH = YES;
				CODE_SIGN_IDENTITY = "-";
				COPY_PHASE_STRIP = NO;
				DEBUG_INFORMATION_FORMAT = "dwarf-with-dsym";
				ENABLE_NS_ASSERTIONS = NO;
				ENABLE_STRICT_OBJC_MSGSEND = YES;
				GCC_C_LANGUAGE_STANDARD = gnu99;
				GCC_NO_COMMON_BLOCKS = YES;
				GCC_WARN_64_TO_32_BIT_CONVERSION = YES;
				GCC_WARN_ABOUT_RETURN_TYPE = YES_ERROR;
				GCC_WARN_UNDECLARED_SELECTOR = YES;
				GCC_WARN_UNINITIALIZED_AUTOS = YES_AGGRESSIVE;
				GCC_WARN_UNUSED_FUNCTION = YES;
				GCC_WARN_UNUSED_VARIABLE = YES;
				MACOSX_DEPLOYMENT_TARGET = 10.11;
				MTL_ENABLE_DEBUG_INFO = NO;
				SDKROOT = macosx;
				SWIFT_OPTIMIZATION_LEVEL = "-Owholemodule";
			};
			name = Release;
		};
		D21062F61D4224620005A1A8 /* Debug */ = {
			isa = XCBuildConfiguration;
			buildSettings = {
				ALWAYS_EMBED_SWIFT_STANDARD_LIBRARIES = YES;
				ASSETCATALOG_COMPILER_APPICON_NAME = AppIcon;
				COMBINE_HIDPI_IMAGES = YES;
				INFOPLIST_FILE = XcodeWay/Info.plist;
				LD_RUNPATH_SEARCH_PATHS = "$(inherited) @executable_path/../Frameworks";
				PRODUCT_BUNDLE_IDENTIFIER = com.fantageek.XcodeWay;
				PRODUCT_NAME = "$(TARGET_NAME)";
				SWIFT_VERSION = 3.0;
			};
			name = Debug;
		};
		D21062F71D4224620005A1A8 /* Release */ = {
			isa = XCBuildConfiguration;
			buildSettings = {
				ALWAYS_EMBED_SWIFT_STANDARD_LIBRARIES = YES;
				ASSETCATALOG_COMPILER_APPICON_NAME = AppIcon;
				COMBINE_HIDPI_IMAGES = YES;
				INFOPLIST_FILE = XcodeWay/Info.plist;
				LD_RUNPATH_SEARCH_PATHS = "$(inherited) @executable_path/../Frameworks";
				PRODUCT_BUNDLE_IDENTIFIER = com.fantageek.XcodeWay;
				PRODUCT_NAME = "$(TARGET_NAME)";
				SWIFT_VERSION = 3.0;
			};
			name = Release;
		};
		D210630C1D4224B80005A1A8 /* Debug */ = {
			isa = XCBuildConfiguration;
			buildSettings = {
				CODE_SIGN_ENTITLEMENTS = XcodeWay/XcodeWay.entitlements;
				COMBINE_HIDPI_IMAGES = YES;
				INFOPLIST_FILE = XcodeWay/Info.plist;
				LD_RUNPATH_SEARCH_PATHS = "$(inherited) @executable_path/../Frameworks @executable_path/../../../../Frameworks";
				MACOSX_DEPLOYMENT_TARGET = 10.11;
				PRODUCT_BUNDLE_IDENTIFIER = com.fantageek.XcodeWay;
				PRODUCT_NAME = "$(TARGET_NAME)";
				SKIP_INSTALL = YES;
				SWIFT_OBJC_BRIDGING_HEADER = "XcodeWay_Legacy/Plugin/XcodeWay-Bridging-Header.h";
				SWIFT_VERSION = 3.0;
			};
			name = Debug;
		};
		D210630D1D4224B80005A1A8 /* Release */ = {
			isa = XCBuildConfiguration;
			buildSettings = {
				CODE_SIGN_ENTITLEMENTS = XcodeWay/XcodeWay.entitlements;
				COMBINE_HIDPI_IMAGES = YES;
				INFOPLIST_FILE = XcodeWay/Info.plist;
				LD_RUNPATH_SEARCH_PATHS = "$(inherited) @executable_path/../Frameworks @executable_path/../../../../Frameworks";
				MACOSX_DEPLOYMENT_TARGET = 10.11;
				PRODUCT_BUNDLE_IDENTIFIER = com.fantageek.XcodeWay;
				PRODUCT_NAME = "$(TARGET_NAME)";
				SKIP_INSTALL = YES;
				SWIFT_OBJC_BRIDGING_HEADER = "XcodeWay_Legacy/Plugin/XcodeWay-Bridging-Header.h";
				SWIFT_VERSION = 3.0;
			};
			name = Release;
		};
/* End XCBuildConfiguration section */

/* Begin XCConfigurationList section */
		D21062E31D4224620005A1A8 /* Build configuration list for PBXProject "XcodeWay" */ = {
			isa = XCConfigurationList;
			buildConfigurations = (
				D21062F31D4224620005A1A8 /* Debug */,
				D21062F41D4224620005A1A8 /* Release */,
			);
			defaultConfigurationIsVisible = 0;
			defaultConfigurationName = Release;
		};
		D21062F51D4224620005A1A8 /* Build configuration list for PBXNativeTarget "XcodeWayApp" */ = {
			isa = XCConfigurationList;
			buildConfigurations = (
				D21062F61D4224620005A1A8 /* Debug */,
				D21062F71D4224620005A1A8 /* Release */,
			);
			defaultConfigurationIsVisible = 0;
			defaultConfigurationName = Release;
		};
		D210630B1D4224B80005A1A8 /* Build configuration list for PBXNativeTarget "XcodeWay" */ = {
			isa = XCConfigurationList;
			buildConfigurations = (
				D210630C1D4224B80005A1A8 /* Debug */,
				D210630D1D4224B80005A1A8 /* Release */,
			);
			defaultConfigurationIsVisible = 0;
			defaultConfigurationName = Release;
		};
/* End XCConfigurationList section */
	};
	rootObject = D21062E01D4224620005A1A8 /* Project object */;
}
