// !$*UTF8*$!
{
	archiveVersion = 1;
	classes = {
	};
	objectVersion = 46;
	objects = {

/* Begin PBXBuildFile section */
		9902EACB19A8B8E000DC38D8 /* XcodeWay.m in Sources */ = {isa = PBXBuildFile; fileRef = 9902EACA19A8B8E000DC38D8 /* XcodeWay.m */; };
		9902EACE19A8B8FA00DC38D8 /* FTGNavigator.m in Sources */ = {isa = PBXBuildFile; fileRef = 9902EACD19A8B8FA00DC38D8 /* FTGNavigator.m */; };
		9902EAD219A8BBB800DC38D8 /* FTGNavigatorManager.m in Sources */ = {isa = PBXBuildFile; fileRef = 9902EAD119A8BBB800DC38D8 /* FTGNavigatorManager.m */; };
		9902EAD519A8BBCA00DC38D8 /* FTGProjectFolderNavigator.m in Sources */ = {isa = PBXBuildFile; fileRef = 9902EAD419A8BBCA00DC38D8 /* FTGProjectFolderNavigator.m */; };
		9902EAD819A8BBD400DC38D8 /* FTGSimulatorFolderNavigator.m in Sources */ = {isa = PBXBuildFile; fileRef = 9902EAD719A8BBD400DC38D8 /* FTGSimulatorFolderNavigator.m */; };
		9902EADB19A8BBE000DC38D8 /* FTGDerivedDataFolderNavigator.m in Sources */ = {isa = PBXBuildFile; fileRef = 9902EADA19A8BBE000DC38D8 /* FTGDerivedDataFolderNavigator.m */; };
		9902EADE19A8BBE900DC38D8 /* FTGPlugInsFolderNavigator.m in Sources */ = {isa = PBXBuildFile; fileRef = 9902EADD19A8BBE900DC38D8 /* FTGPlugInsFolderNavigator.m */; };
		9902EAE119A8BBF400DC38D8 /* FTGTemplateFolderNavigator.m in Sources */ = {isa = PBXBuildFile; fileRef = 9902EAE019A8BBF400DC38D8 /* FTGTemplateFolderNavigator.m */; };
		9902EAE419A8BBFF00DC38D8 /* FTGTerminalNavigator.m in Sources */ = {isa = PBXBuildFile; fileRef = 9902EAE319A8BBFF00DC38D8 /* FTGTerminalNavigator.m */; };
		9902EAE719A8BC1C00DC38D8 /* FTGGitRepoNavigator.m in Sources */ = {isa = PBXBuildFile; fileRef = 9902EAE619A8BC1C00DC38D8 /* FTGGitRepoNavigator.m */; };
		9902EAED19A8BFC700DC38D8 /* FTGEnvironmentManager.m in Sources */ = {isa = PBXBuildFile; fileRef = 9902EAEC19A8BFC700DC38D8 /* FTGEnvironmentManager.m */; };
		9902EAF119A8D2CE00DC38D8 /* NSAlert+FTGAdditions.m in Sources */ = {isa = PBXBuildFile; fileRef = 9902EAF019A8D2CE00DC38D8 /* NSAlert+FTGAdditions.m */; };
		9902EAF419A8D30300DC38D8 /* FTGAboutNavigator.m in Sources */ = {isa = PBXBuildFile; fileRef = 9902EAF319A8D30300DC38D8 /* FTGAboutNavigator.m */; };
		990EE6E519A8E5B50080F7B3 /* FTGArchiveFolderNavigator.m in Sources */ = {isa = PBXBuildFile; fileRef = 990EE6E419A8E5B50080F7B3 /* FTGArchiveFolderNavigator.m */; };
		990EE6E819A8E5C20080F7B3 /* FTGDeviceLogFolderNavigator.m in Sources */ = {isa = PBXBuildFile; fileRef = 990EE6E719A8E5C20080F7B3 /* FTGDeviceLogFolderNavigator.m */; };
		990EE6EB19A8E5D00080F7B3 /* FTGUserDataFolderNavigator.m in Sources */ = {isa = PBXBuildFile; fileRef = 990EE6EA19A8E5D00080F7B3 /* FTGUserDataFolderNavigator.m */; };
		99634B2719A8F32F00A6F94F /* NSTask+FTGAdditions.m in Sources */ = {isa = PBXBuildFile; fileRef = 99634B2619A8F32F00A6F94F /* NSTask+FTGAdditions.m */; };
		998E7ADC19A89FAB006E9A2F /* Cocoa.framework in Frameworks */ = {isa = PBXBuildFile; fileRef = 998E7ADB19A89FAB006E9A2F /* Cocoa.framework */; };
		998E7AE619A89FAB006E9A2F /* InfoPlist.strings in Resources */ = {isa = PBXBuildFile; fileRef = 998E7AE419A89FAB006E9A2F /* InfoPlist.strings */; };
		99B22F7719A8FD4100DF4519 /* FTGiTermNavigator.m in Sources */ = {isa = PBXBuildFile; fileRef = 99B22F7619A8FD4100DF4519 /* FTGiTermNavigator.m */; };
		99C2FFA919A8EF1300060FB1 /* FTGSelectedXcodeFolderNavigator.m in Sources */ = {isa = PBXBuildFile; fileRef = 99C2FFA819A8EF1300060FB1 /* FTGSelectedXcodeFolderNavigator.m */; };
		99C2FFAC19A8EF2800060FB1 /* FTGCurrentXcodeFolderNavigator.m in Sources */ = {isa = PBXBuildFile; fileRef = 99C2FFAB19A8EF2800060FB1 /* FTGCurrentXcodeFolderNavigator.m */; };
		BDB7EEC71A8200FC000DCA9A /* ZENGitHubApplicationNavigator.m in Sources */ = {isa = PBXBuildFile; fileRef = BDB7EEC61A8200FC000DCA9A /* ZENGitHubApplicationNavigator.m */; };
/* End PBXBuildFile section */

/* Begin PBXFileReference section */
		9902EAC919A8B8E000DC38D8 /* XcodeWay.h */ = {isa = PBXFileReference; fileEncoding = 4; lastKnownFileType = sourcecode.c.h; path = XcodeWay.h; sourceTree = "<group>"; };
		9902EACA19A8B8E000DC38D8 /* XcodeWay.m */ = {isa = PBXFileReference; fileEncoding = 4; lastKnownFileType = sourcecode.c.objc; path = XcodeWay.m; sourceTree = "<group>"; };
		9902EACC19A8B8FA00DC38D8 /* FTGNavigator.h */ = {isa = PBXFileReference; fileEncoding = 4; lastKnownFileType = sourcecode.c.h; path = FTGNavigator.h; sourceTree = "<group>"; };
		9902EACD19A8B8FA00DC38D8 /* FTGNavigator.m */ = {isa = PBXFileReference; fileEncoding = 4; lastKnownFileType = sourcecode.c.objc; path = FTGNavigator.m; sourceTree = "<group>"; };
		9902EAD019A8BBB800DC38D8 /* FTGNavigatorManager.h */ = {isa = PBXFileReference; fileEncoding = 4; lastKnownFileType = sourcecode.c.h; path = FTGNavigatorManager.h; sourceTree = "<group>"; };
		9902EAD119A8BBB800DC38D8 /* FTGNavigatorManager.m */ = {isa = PBXFileReference; fileEncoding = 4; lastKnownFileType = sourcecode.c.objc; path = FTGNavigatorManager.m; sourceTree = "<group>"; };
		9902EAD319A8BBCA00DC38D8 /* FTGProjectFolderNavigator.h */ = {isa = PBXFileReference; fileEncoding = 4; lastKnownFileType = sourcecode.c.h; path = FTGProjectFolderNavigator.h; sourceTree = "<group>"; };
		9902EAD419A8BBCA00DC38D8 /* FTGProjectFolderNavigator.m */ = {isa = PBXFileReference; fileEncoding = 4; lastKnownFileType = sourcecode.c.objc; path = FTGProjectFolderNavigator.m; sourceTree = "<group>"; };
		9902EAD619A8BBD400DC38D8 /* FTGSimulatorFolderNavigator.h */ = {isa = PBXFileReference; fileEncoding = 4; lastKnownFileType = sourcecode.c.h; path = FTGSimulatorFolderNavigator.h; sourceTree = "<group>"; };
		9902EAD719A8BBD400DC38D8 /* FTGSimulatorFolderNavigator.m */ = {isa = PBXFileReference; fileEncoding = 4; lastKnownFileType = sourcecode.c.objc; path = FTGSimulatorFolderNavigator.m; sourceTree = "<group>"; };
		9902EAD919A8BBDF00DC38D8 /* FTGDerivedDataFolderNavigator.h */ = {isa = PBXFileReference; fileEncoding = 4; lastKnownFileType = sourcecode.c.h; path = FTGDerivedDataFolderNavigator.h; sourceTree = "<group>"; };
		9902EADA19A8BBE000DC38D8 /* FTGDerivedDataFolderNavigator.m */ = {isa = PBXFileReference; fileEncoding = 4; lastKnownFileType = sourcecode.c.objc; path = FTGDerivedDataFolderNavigator.m; sourceTree = "<group>"; };
		9902EADC19A8BBE900DC38D8 /* FTGPlugInsFolderNavigator.h */ = {isa = PBXFileReference; fileEncoding = 4; lastKnownFileType = sourcecode.c.h; path = FTGPlugInsFolderNavigator.h; sourceTree = "<group>"; };
		9902EADD19A8BBE900DC38D8 /* FTGPlugInsFolderNavigator.m */ = {isa = PBXFileReference; fileEncoding = 4; lastKnownFileType = sourcecode.c.objc; path = FTGPlugInsFolderNavigator.m; sourceTree = "<group>"; };
		9902EADF19A8BBF400DC38D8 /* FTGTemplateFolderNavigator.h */ = {isa = PBXFileReference; fileEncoding = 4; lastKnownFileType = sourcecode.c.h; path = FTGTemplateFolderNavigator.h; sourceTree = "<group>"; };
		9902EAE019A8BBF400DC38D8 /* FTGTemplateFolderNavigator.m */ = {isa = PBXFileReference; fileEncoding = 4; lastKnownFileType = sourcecode.c.objc; path = FTGTemplateFolderNavigator.m; sourceTree = "<group>"; };
		9902EAE219A8BBFF00DC38D8 /* FTGTerminalNavigator.h */ = {isa = PBXFileReference; fileEncoding = 4; lastKnownFileType = sourcecode.c.h; path = FTGTerminalNavigator.h; sourceTree = "<group>"; };
		9902EAE319A8BBFF00DC38D8 /* FTGTerminalNavigator.m */ = {isa = PBXFileReference; fileEncoding = 4; lastKnownFileType = sourcecode.c.objc; path = FTGTerminalNavigator.m; sourceTree = "<group>"; };
		9902EAE519A8BC1C00DC38D8 /* FTGGitRepoNavigator.h */ = {isa = PBXFileReference; fileEncoding = 4; lastKnownFileType = sourcecode.c.h; path = FTGGitRepoNavigator.h; sourceTree = "<group>"; };
		9902EAE619A8BC1C00DC38D8 /* FTGGitRepoNavigator.m */ = {isa = PBXFileReference; fileEncoding = 4; lastKnownFileType = sourcecode.c.objc; path = FTGGitRepoNavigator.m; sourceTree = "<group>"; };
		9902EAEB19A8BFC700DC38D8 /* FTGEnvironmentManager.h */ = {isa = PBXFileReference; fileEncoding = 4; lastKnownFileType = sourcecode.c.h; path = FTGEnvironmentManager.h; sourceTree = "<group>"; };
		9902EAEC19A8BFC700DC38D8 /* FTGEnvironmentManager.m */ = {isa = PBXFileReference; fileEncoding = 4; lastKnownFileType = sourcecode.c.objc; path = FTGEnvironmentManager.m; sourceTree = "<group>"; };
		9902EAEF19A8D2CE00DC38D8 /* NSAlert+FTGAdditions.h */ = {isa = PBXFileReference; fileEncoding = 4; lastKnownFileType = sourcecode.c.h; path = "NSAlert+FTGAdditions.h"; sourceTree = "<group>"; };
		9902EAF019A8D2CE00DC38D8 /* NSAlert+FTGAdditions.m */ = {isa = PBXFileReference; fileEncoding = 4; lastKnownFileType = sourcecode.c.objc; path = "NSAlert+FTGAdditions.m"; sourceTree = "<group>"; };
		9902EAF219A8D30300DC38D8 /* FTGAboutNavigator.h */ = {isa = PBXFileReference; fileEncoding = 4; lastKnownFileType = sourcecode.c.h; path = FTGAboutNavigator.h; sourceTree = "<group>"; };
		9902EAF319A8D30300DC38D8 /* FTGAboutNavigator.m */ = {isa = PBXFileReference; fileEncoding = 4; lastKnownFileType = sourcecode.c.objc; path = FTGAboutNavigator.m; sourceTree = "<group>"; };
		990EE6E319A8E5B50080F7B3 /* FTGArchiveFolderNavigator.h */ = {isa = PBXFileReference; fileEncoding = 4; lastKnownFileType = sourcecode.c.h; path = FTGArchiveFolderNavigator.h; sourceTree = "<group>"; };
		990EE6E419A8E5B50080F7B3 /* FTGArchiveFolderNavigator.m */ = {isa = PBXFileReference; fileEncoding = 4; lastKnownFileType = sourcecode.c.objc; path = FTGArchiveFolderNavigator.m; sourceTree = "<group>"; };
		990EE6E619A8E5C20080F7B3 /* FTGDeviceLogFolderNavigator.h */ = {isa = PBXFileReference; fileEncoding = 4; lastKnownFileType = sourcecode.c.h; path = FTGDeviceLogFolderNavigator.h; sourceTree = "<group>"; };
		990EE6E719A8E5C20080F7B3 /* FTGDeviceLogFolderNavigator.m */ = {isa = PBXFileReference; fileEncoding = 4; lastKnownFileType = sourcecode.c.objc; path = FTGDeviceLogFolderNavigator.m; sourceTree = "<group>"; };
		990EE6E919A8E5D00080F7B3 /* FTGUserDataFolderNavigator.h */ = {isa = PBXFileReference; fileEncoding = 4; lastKnownFileType = sourcecode.c.h; path = FTGUserDataFolderNavigator.h; sourceTree = "<group>"; };
		990EE6EA19A8E5D00080F7B3 /* FTGUserDataFolderNavigator.m */ = {isa = PBXFileReference; fileEncoding = 4; lastKnownFileType = sourcecode.c.objc; path = FTGUserDataFolderNavigator.m; sourceTree = "<group>"; };
		99634B2519A8F32F00A6F94F /* NSTask+FTGAdditions.h */ = {isa = PBXFileReference; fileEncoding = 4; lastKnownFileType = sourcecode.c.h; path = "NSTask+FTGAdditions.h"; sourceTree = "<group>"; };
		99634B2619A8F32F00A6F94F /* NSTask+FTGAdditions.m */ = {isa = PBXFileReference; fileEncoding = 4; lastKnownFileType = sourcecode.c.objc; path = "NSTask+FTGAdditions.m"; sourceTree = "<group>"; };
		998E7AD819A89FAB006E9A2F /* XcodeWay.xcplugin */ = {isa = PBXFileReference; explicitFileType = wrapper.cfbundle; includeInIndex = 0; path = XcodeWay.xcplugin; sourceTree = BUILT_PRODUCTS_DIR; };
		998E7ADB19A89FAB006E9A2F /* Cocoa.framework */ = {isa = PBXFileReference; lastKnownFileType = wrapper.framework; name = Cocoa.framework; path = System/Library/Frameworks/Cocoa.framework; sourceTree = SDKROOT; };
		998E7ADE19A89FAB006E9A2F /* Foundation.framework */ = {isa = PBXFileReference; lastKnownFileType = wrapper.framework; name = Foundation.framework; path = System/Library/Frameworks/Foundation.framework; sourceTree = SDKROOT; };
		998E7AE019A89FAB006E9A2F /* AppKit.framework */ = {isa = PBXFileReference; lastKnownFileType = wrapper.framework; name = AppKit.framework; path = System/Library/Frameworks/AppKit.framework; sourceTree = SDKROOT; };
		998E7AE319A89FAB006E9A2F /* XcodeWay-Info.plist */ = {isa = PBXFileReference; lastKnownFileType = text.plist.xml; path = "XcodeWay-Info.plist"; sourceTree = "<group>"; };
		998E7AE519A89FAB006E9A2F /* en */ = {isa = PBXFileReference; lastKnownFileType = text.plist.strings; name = en; path = en.lproj/InfoPlist.strings; sourceTree = "<group>"; };
		998E7AE719A89FAB006E9A2F /* XcodeWay-Prefix.pch */ = {isa = PBXFileReference; lastKnownFileType = sourcecode.c.h; path = "XcodeWay-Prefix.pch"; sourceTree = "<group>"; };
		99B22F7519A8FD4100DF4519 /* FTGiTermNavigator.h */ = {isa = PBXFileReference; fileEncoding = 4; lastKnownFileType = sourcecode.c.h; path = FTGiTermNavigator.h; sourceTree = "<group>"; };
		99B22F7619A8FD4100DF4519 /* FTGiTermNavigator.m */ = {isa = PBXFileReference; fileEncoding = 4; lastKnownFileType = sourcecode.c.objc; path = FTGiTermNavigator.m; sourceTree = "<group>"; };
		99C2FFA719A8EF1300060FB1 /* FTGSelectedXcodeFolderNavigator.h */ = {isa = PBXFileReference; fileEncoding = 4; lastKnownFileType = sourcecode.c.h; path = FTGSelectedXcodeFolderNavigator.h; sourceTree = "<group>"; };
		99C2FFA819A8EF1300060FB1 /* FTGSelectedXcodeFolderNavigator.m */ = {isa = PBXFileReference; fileEncoding = 4; lastKnownFileType = sourcecode.c.objc; path = FTGSelectedXcodeFolderNavigator.m; sourceTree = "<group>"; };
		99C2FFAA19A8EF2800060FB1 /* FTGCurrentXcodeFolderNavigator.h */ = {isa = PBXFileReference; fileEncoding = 4; lastKnownFileType = sourcecode.c.h; path = FTGCurrentXcodeFolderNavigator.h; sourceTree = "<group>"; };
		99C2FFAB19A8EF2800060FB1 /* FTGCurrentXcodeFolderNavigator.m */ = {isa = PBXFileReference; fileEncoding = 4; lastKnownFileType = sourcecode.c.objc; path = FTGCurrentXcodeFolderNavigator.m; sourceTree = "<group>"; };
		BDB7EEC51A8200FC000DCA9A /* ZENGitHubApplicationNavigator.h */ = {isa = PBXFileReference; fileEncoding = 4; lastKnownFileType = sourcecode.c.h; path = ZENGitHubApplicationNavigator.h; sourceTree = "<group>"; };
		BDB7EEC61A8200FC000DCA9A /* ZENGitHubApplicationNavigator.m */ = {isa = PBXFileReference; fileEncoding = 4; lastKnownFileType = sourcecode.c.objc; path = ZENGitHubApplicationNavigator.m; sourceTree = "<group>"; };
/* End PBXFileReference section */

/* Begin PBXFrameworksBuildPhase section */
		998E7AD519A89FAB006E9A2F /* Frameworks */ = {
			isa = PBXFrameworksBuildPhase;
			buildActionMask = 2147483647;
			files = (
				998E7ADC19A89FAB006E9A2F /* Cocoa.framework in Frameworks */,
			);
			runOnlyForDeploymentPostprocessing = 0;
		};
/* End PBXFrameworksBuildPhase section */

/* Begin PBXGroup section */
		9902EAC719A8B8E000DC38D8 /* Navigator */ = {
			isa = PBXGroup;
			children = (
				9902EAF219A8D30300DC38D8 /* FTGAboutNavigator.h */,
				9902EAF319A8D30300DC38D8 /* FTGAboutNavigator.m */,
				990EE6E319A8E5B50080F7B3 /* FTGArchiveFolderNavigator.h */,
				990EE6E419A8E5B50080F7B3 /* FTGArchiveFolderNavigator.m */,
				99C2FFAA19A8EF2800060FB1 /* FTGCurrentXcodeFolderNavigator.h */,
				99C2FFAB19A8EF2800060FB1 /* FTGCurrentXcodeFolderNavigator.m */,
				9902EAD919A8BBDF00DC38D8 /* FTGDerivedDataFolderNavigator.h */,
				9902EADA19A8BBE000DC38D8 /* FTGDerivedDataFolderNavigator.m */,
				990EE6E619A8E5C20080F7B3 /* FTGDeviceLogFolderNavigator.h */,
				990EE6E719A8E5C20080F7B3 /* FTGDeviceLogFolderNavigator.m */,
				9902EAE519A8BC1C00DC38D8 /* FTGGitRepoNavigator.h */,
				9902EAE619A8BC1C00DC38D8 /* FTGGitRepoNavigator.m */,
				99B22F7519A8FD4100DF4519 /* FTGiTermNavigator.h */,
				99B22F7619A8FD4100DF4519 /* FTGiTermNavigator.m */,
				9902EACC19A8B8FA00DC38D8 /* FTGNavigator.h */,
				9902EACD19A8B8FA00DC38D8 /* FTGNavigator.m */,
				9902EAD019A8BBB800DC38D8 /* FTGNavigatorManager.h */,
				9902EAD119A8BBB800DC38D8 /* FTGNavigatorManager.m */,
				9902EADC19A8BBE900DC38D8 /* FTGPlugInsFolderNavigator.h */,
				9902EADD19A8BBE900DC38D8 /* FTGPlugInsFolderNavigator.m */,
				9902EAD319A8BBCA00DC38D8 /* FTGProjectFolderNavigator.h */,
				9902EAD419A8BBCA00DC38D8 /* FTGProjectFolderNavigator.m */,
				99C2FFA719A8EF1300060FB1 /* FTGSelectedXcodeFolderNavigator.h */,
				99C2FFA819A8EF1300060FB1 /* FTGSelectedXcodeFolderNavigator.m */,
				9902EAD619A8BBD400DC38D8 /* FTGSimulatorFolderNavigator.h */,
				9902EAD719A8BBD400DC38D8 /* FTGSimulatorFolderNavigator.m */,
				9902EADF19A8BBF400DC38D8 /* FTGTemplateFolderNavigator.h */,
				9902EAE019A8BBF400DC38D8 /* FTGTemplateFolderNavigator.m */,
				9902EAE219A8BBFF00DC38D8 /* FTGTerminalNavigator.h */,
				9902EAE319A8BBFF00DC38D8 /* FTGTerminalNavigator.m */,
				990EE6E919A8E5D00080F7B3 /* FTGUserDataFolderNavigator.h */,
				990EE6EA19A8E5D00080F7B3 /* FTGUserDataFolderNavigator.m */,
				BDB7EEC51A8200FC000DCA9A /* ZENGitHubApplicationNavigator.h */,
				BDB7EEC61A8200FC000DCA9A /* ZENGitHubApplicationNavigator.m */,
			);
			path = Navigator;
			sourceTree = "<group>";
		};
		9902EAC819A8B8E000DC38D8 /* Plugin */ = {
			isa = PBXGroup;
			children = (
				9902EAC919A8B8E000DC38D8 /* XcodeWay.h */,
				9902EACA19A8B8E000DC38D8 /* XcodeWay.m */,
			);
			path = Plugin;
			sourceTree = "<group>";
		};
		9902EACF19A8BBB000DC38D8 /* Helper */ = {
			isa = PBXGroup;
			children = (
				9902EAEB19A8BFC700DC38D8 /* FTGEnvironmentManager.h */,
				9902EAEC19A8BFC700DC38D8 /* FTGEnvironmentManager.m */,
			);
			path = Helper;
			sourceTree = "<group>";
		};
		9902EAEE19A8D2A800DC38D8 /* Categories */ = {
			isa = PBXGroup;
			children = (
				9902EAEF19A8D2CE00DC38D8 /* NSAlert+FTGAdditions.h */,
				9902EAF019A8D2CE00DC38D8 /* NSAlert+FTGAdditions.m */,
				99634B2519A8F32F00A6F94F /* NSTask+FTGAdditions.h */,
				99634B2619A8F32F00A6F94F /* NSTask+FTGAdditions.m */,
			);
			path = Categories;
			sourceTree = "<group>";
		};
		998E7ACF19A89FAB006E9A2F = {
			isa = PBXGroup;
			children = (
				998E7AE119A89FAB006E9A2F /* XcodeWay */,
				998E7ADA19A89FAB006E9A2F /* Frameworks */,
				998E7AD919A89FAB006E9A2F /* Products */,
			);
			sourceTree = "<group>";
		};
		998E7AD919A89FAB006E9A2F /* Products */ = {
			isa = PBXGroup;
			children = (
				998E7AD819A89FAB006E9A2F /* XcodeWay.xcplugin */,
			);
			name = Products;
			sourceTree = "<group>";
		};
		998E7ADA19A89FAB006E9A2F /* Frameworks */ = {
			isa = PBXGroup;
			children = (
				998E7ADB19A89FAB006E9A2F /* Cocoa.framework */,
				998E7ADD19A89FAB006E9A2F /* Other Frameworks */,
			);
			name = Frameworks;
			sourceTree = "<group>";
		};
		998E7ADD19A89FAB006E9A2F /* Other Frameworks */ = {
			isa = PBXGroup;
			children = (
				998E7ADE19A89FAB006E9A2F /* Foundation.framework */,
				998E7AE019A89FAB006E9A2F /* AppKit.framework */,
			);
			name = "Other Frameworks";
			sourceTree = "<group>";
		};
		998E7AE119A89FAB006E9A2F /* XcodeWay */ = {
			isa = PBXGroup;
			children = (
				9902EAEE19A8D2A800DC38D8 /* Categories */,
				9902EACF19A8BBB000DC38D8 /* Helper */,
				9902EAC719A8B8E000DC38D8 /* Navigator */,
				9902EAC819A8B8E000DC38D8 /* Plugin */,
				998E7AE219A89FAB006E9A2F /* Supporting Files */,
			);
			path = XcodeWay;
			sourceTree = "<group>";
		};
		998E7AE219A89FAB006E9A2F /* Supporting Files */ = {
			isa = PBXGroup;
			children = (
				998E7AE319A89FAB006E9A2F /* XcodeWay-Info.plist */,
				998E7AE419A89FAB006E9A2F /* InfoPlist.strings */,
				998E7AE719A89FAB006E9A2F /* XcodeWay-Prefix.pch */,
			);
			name = "Supporting Files";
			sourceTree = "<group>";
		};
/* End PBXGroup section */

/* Begin PBXNativeTarget section */
		998E7AD719A89FAB006E9A2F /* XcodeWay */ = {
			isa = PBXNativeTarget;
			buildConfigurationList = 998E7AEA19A89FAB006E9A2F /* Build configuration list for PBXNativeTarget "XcodeWay" */;
			buildPhases = (
				998E7AD419A89FAB006E9A2F /* Sources */,
				998E7AD519A89FAB006E9A2F /* Frameworks */,
				998E7AD619A89FAB006E9A2F /* Resources */,
			);
			buildRules = (
			);
			dependencies = (
			);
			name = XcodeWay;
			productName = XcodeWay;
			productReference = 998E7AD819A89FAB006E9A2F /* XcodeWay.xcplugin */;
			productType = "com.apple.product-type.bundle";
		};
/* End PBXNativeTarget section */

/* Begin PBXProject section */
		998E7AD019A89FAB006E9A2F /* Project object */ = {
			isa = PBXProject;
			attributes = {
				LastUpgradeCheck = 0510;
				ORGANIZATIONNAME = Fantageek;
			};
			buildConfigurationList = 998E7AD319A89FAB006E9A2F /* Build configuration list for PBXProject "XcodeWay" */;
			compatibilityVersion = "Xcode 3.2";
			developmentRegion = English;
			hasScannedForEncodings = 0;
			knownRegions = (
				en,
			);
			mainGroup = 998E7ACF19A89FAB006E9A2F;
			productRefGroup = 998E7AD919A89FAB006E9A2F /* Products */;
			projectDirPath = "";
			projectRoot = "";
			targets = (
				998E7AD719A89FAB006E9A2F /* XcodeWay */,
			);
		};
/* End PBXProject section */

/* Begin PBXResourcesBuildPhase section */
		998E7AD619A89FAB006E9A2F /* Resources */ = {
			isa = PBXResourcesBuildPhase;
			buildActionMask = 2147483647;
			files = (
				998E7AE619A89FAB006E9A2F /* InfoPlist.strings in Resources */,
			);
			runOnlyForDeploymentPostprocessing = 0;
		};
/* End PBXResourcesBuildPhase section */

/* Begin PBXSourcesBuildPhase section */
		998E7AD419A89FAB006E9A2F /* Sources */ = {
			isa = PBXSourcesBuildPhase;
			buildActionMask = 2147483647;
			files = (
				9902EADE19A8BBE900DC38D8 /* FTGPlugInsFolderNavigator.m in Sources */,
				9902EAF419A8D30300DC38D8 /* FTGAboutNavigator.m in Sources */,
				99C2FFAC19A8EF2800060FB1 /* FTGCurrentXcodeFolderNavigator.m in Sources */,
				990EE6E819A8E5C20080F7B3 /* FTGDeviceLogFolderNavigator.m in Sources */,
				9902EAD219A8BBB800DC38D8 /* FTGNavigatorManager.m in Sources */,
				99C2FFA919A8EF1300060FB1 /* FTGSelectedXcodeFolderNavigator.m in Sources */,
				9902EAE719A8BC1C00DC38D8 /* FTGGitRepoNavigator.m in Sources */,
				9902EAD519A8BBCA00DC38D8 /* FTGProjectFolderNavigator.m in Sources */,
				9902EAE119A8BBF400DC38D8 /* FTGTemplateFolderNavigator.m in Sources */,
				9902EAD819A8BBD400DC38D8 /* FTGSimulatorFolderNavigator.m in Sources */,
				9902EAED19A8BFC700DC38D8 /* FTGEnvironmentManager.m in Sources */,
				990EE6EB19A8E5D00080F7B3 /* FTGUserDataFolderNavigator.m in Sources */,
				99634B2719A8F32F00A6F94F /* NSTask+FTGAdditions.m in Sources */,
				9902EAF119A8D2CE00DC38D8 /* NSAlert+FTGAdditions.m in Sources */,
				9902EAE419A8BBFF00DC38D8 /* FTGTerminalNavigator.m in Sources */,
				9902EACB19A8B8E000DC38D8 /* XcodeWay.m in Sources */,
				9902EACE19A8B8FA00DC38D8 /* FTGNavigator.m in Sources */,
				9902EADB19A8BBE000DC38D8 /* FTGDerivedDataFolderNavigator.m in Sources */,
				990EE6E519A8E5B50080F7B3 /* FTGArchiveFolderNavigator.m in Sources */,
				BDB7EEC71A8200FC000DCA9A /* ZENGitHubApplicationNavigator.m in Sources */,
				99B22F7719A8FD4100DF4519 /* FTGiTermNavigator.m in Sources */,
			);
			runOnlyForDeploymentPostprocessing = 0;
		};
/* End PBXSourcesBuildPhase section */

/* Begin PBXVariantGroup section */
		998E7AE419A89FAB006E9A2F /* InfoPlist.strings */ = {
			isa = PBXVariantGroup;
			children = (
				998E7AE519A89FAB006E9A2F /* en */,
			);
			name = InfoPlist.strings;
			sourceTree = "<group>";
		};
/* End PBXVariantGroup section */

/* Begin XCBuildConfiguration section */
		998E7AE819A89FAB006E9A2F /* Debug */ = {
			isa = XCBuildConfiguration;
			buildSettings = {
				ALWAYS_SEARCH_USER_PATHS = NO;
				CLANG_CXX_LANGUAGE_STANDARD = "gnu++0x";
				CLANG_CXX_LIBRARY = "libc++";
				CLANG_ENABLE_MODULES = YES;
				CLANG_ENABLE_OBJC_ARC = YES;
				CLANG_WARN_BOOL_CONVERSION = YES;
				CLANG_WARN_CONSTANT_CONVERSION = YES;
				CLANG_WARN_DIRECT_OBJC_ISA_USAGE = YES_ERROR;
				CLANG_WARN_EMPTY_BODY = YES;
				CLANG_WARN_ENUM_CONVERSION = YES;
				CLANG_WARN_INT_CONVERSION = YES;
				CLANG_WARN_OBJC_ROOT_CLASS = YES_ERROR;
				CLANG_WARN__DUPLICATE_METHOD_MATCH = YES;
				COPY_PHASE_STRIP = NO;
				GCC_C_LANGUAGE_STANDARD = gnu99;
				GCC_DYNAMIC_NO_PIC = NO;
				GCC_ENABLE_OBJC_EXCEPTIONS = YES;
				GCC_OPTIMIZATION_LEVEL = 0;
				GCC_PREPROCESSOR_DEFINITIONS = (
					"DEBUG=1",
					"$(inherited)",
				);
				GCC_SYMBOLS_PRIVATE_EXTERN = NO;
				GCC_WARN_64_TO_32_BIT_CONVERSION = YES;
				GCC_WARN_ABOUT_RETURN_TYPE = YES_ERROR;
				GCC_WARN_UNDECLARED_SELECTOR = YES;
				GCC_WARN_UNINITIALIZED_AUTOS = YES_AGGRESSIVE;
				GCC_WARN_UNUSED_FUNCTION = YES;
				GCC_WARN_UNUSED_VARIABLE = YES;
				MACOSX_DEPLOYMENT_TARGET = 10.9;
				ONLY_ACTIVE_ARCH = YES;
				SDKROOT = macosx;
			};
			name = Debug;
		};
		998E7AE919A89FAB006E9A2F /* Release */ = {
			isa = XCBuildConfiguration;
			buildSettings = {
				ALWAYS_SEARCH_USER_PATHS = NO;
				CLANG_CXX_LANGUAGE_STANDARD = "gnu++0x";
				CLANG_CXX_LIBRARY = "libc++";
				CLANG_ENABLE_MODULES = YES;
				CLANG_ENABLE_OBJC_ARC = YES;
				CLANG_WARN_BOOL_CONVERSION = YES;
				CLANG_WARN_CONSTANT_CONVERSION = YES;
				CLANG_WARN_DIRECT_OBJC_ISA_USAGE = YES_ERROR;
				CLANG_WARN_EMPTY_BODY = YES;
				CLANG_WARN_ENUM_CONVERSION = YES;
				CLANG_WARN_INT_CONVERSION = YES;
				CLANG_WARN_OBJC_ROOT_CLASS = YES_ERROR;
				CLANG_WARN__DUPLICATE_METHOD_MATCH = YES;
				COPY_PHASE_STRIP = YES;
				DEBUG_INFORMATION_FORMAT = "dwarf-with-dsym";
				ENABLE_NS_ASSERTIONS = NO;
				GCC_C_LANGUAGE_STANDARD = gnu99;
				GCC_ENABLE_OBJC_EXCEPTIONS = YES;
				GCC_WARN_64_TO_32_BIT_CONVERSION = YES;
				GCC_WARN_ABOUT_RETURN_TYPE = YES_ERROR;
				GCC_WARN_UNDECLARED_SELECTOR = YES;
				GCC_WARN_UNINITIALIZED_AUTOS = YES_AGGRESSIVE;
				GCC_WARN_UNUSED_FUNCTION = YES;
				GCC_WARN_UNUSED_VARIABLE = YES;
				MACOSX_DEPLOYMENT_TARGET = 10.9;
				SDKROOT = macosx;
			};
			name = Release;
		};
		998E7AEB19A89FAB006E9A2F /* Debug */ = {
			isa = XCBuildConfiguration;
			buildSettings = {
				COMBINE_HIDPI_IMAGES = YES;
				DEPLOYMENT_LOCATION = YES;
				DEPLOYMENT_POSTPROCESSING = YES;
				DSTROOT = "$(HOME)";
				GCC_PRECOMPILE_PREFIX_HEADER = YES;
				GCC_PREFIX_HEADER = "XcodeWay/XcodeWay-Prefix.pch";
				HEADER_SEARCH_PATHS = (
					"$(inherited)",
					/Applications/Xcode5.app/Contents/Developer/Toolchains/XcodeDefault.xctoolchain/usr/include,
				);
				INFOPLIST_FILE = "XcodeWay/XcodeWay-Info.plist";
				INSTALL_PATH = "$(LOCAL_LIBRARY_DIR)/Application Support/Developer/Shared/Xcode/Plug-ins";
				PRODUCT_NAME = "$(TARGET_NAME)";
				WRAPPER_EXTENSION = xcplugin;
			};
			name = Debug;
		};
		998E7AEC19A89FAB006E9A2F /* Release */ = {
			isa = XCBuildConfiguration;
			buildSettings = {
				COMBINE_HIDPI_IMAGES = YES;
				DEPLOYMENT_LOCATION = YES;
				DEPLOYMENT_POSTPROCESSING = YES;
				DSTROOT = "$(HOME)";
				GCC_PRECOMPILE_PREFIX_HEADER = YES;
				GCC_PREFIX_HEADER = "XcodeWay/XcodeWay-Prefix.pch";
				HEADER_SEARCH_PATHS = (
					"$(inherited)",
					/Applications/Xcode5.app/Contents/Developer/Toolchains/XcodeDefault.xctoolchain/usr/include,
				);
				INFOPLIST_FILE = "XcodeWay/XcodeWay-Info.plist";
				INSTALL_PATH = "$(LOCAL_LIBRARY_DIR)/Application Support/Developer/Shared/Xcode/Plug-ins";
				PRODUCT_NAME = "$(TARGET_NAME)";
				WRAPPER_EXTENSION = xcplugin;
			};
			name = Release;
		};
/* End XCBuildConfiguration section */

/* Begin XCConfigurationList section */
		998E7AD319A89FAB006E9A2F /* Build configuration list for PBXProject "XcodeWay" */ = {
			isa = XCConfigurationList;
			buildConfigurations = (
				998E7AE819A89FAB006E9A2F /* Debug */,
				998E7AE919A89FAB006E9A2F /* Release */,
			);
			defaultConfigurationIsVisible = 0;
			defaultConfigurationName = Release;
		};
		998E7AEA19A89FAB006E9A2F /* Build configuration list for PBXNativeTarget "XcodeWay" */ = {
			isa = XCConfigurationList;
			buildConfigurations = (
				998E7AEB19A89FAB006E9A2F /* Debug */,
				998E7AEC19A89FAB006E9A2F /* Release */,
			);
			defaultConfigurationIsVisible = 0;
			defaultConfigurationName = Release;
		};
/* End XCConfigurationList section */
	};
	rootObject = 998E7AD019A89FAB006E9A2F /* Project object */;
}
