// !$*UTF8*$!
{
	archiveVersion = 1;
	classes = {
	};
	objectVersion = 46;
	objects = {

/* Begin PBXBuildFile section */
		D21658CD1F97908200F3506F /* DerivedDataNavigator.swift in Sources */ = {isa = PBXBuildFile; fileRef = D21658CC1F97908200F3506F /* DerivedDataNavigator.swift */; };
		D21658CF1F97918800F3506F /* GitHubNavigator.swift in Sources */ = {isa = PBXBuildFile; fileRef = D21658CE1F97918800F3506F /* GitHubNavigator.swift */; };
		D220F3501F97841F00F460CC /* ProjectFolderNavigator.swift in Sources */ = {isa = PBXBuildFile; fileRef = D220F34F1F97841F00F460CC /* ProjectFolderNavigator.swift */; };
		D29D398B1F97DA7B0093FFAA /* AboutNavigator.swift in Sources */ = {isa = PBXBuildFile; fileRef = D29D398A1F97DA7B0093FFAA /* AboutNavigator.swift */; };
		D2B2218F1F974D9F00C45949 /* ArchivesFolderNavigator.swift in Sources */ = {isa = PBXBuildFile; fileRef = D2B2218E1F974D9F00C45949 /* ArchivesFolderNavigator.swift */; };
		D2B221911F974DFB00C45949 /* DeviceSupportFolderNavigator.swift in Sources */ = {isa = PBXBuildFile; fileRef = D2B221901F974DFB00C45949 /* DeviceSupportFolderNavigator.swift */; };
		D2B221941F97528200C45949 /* ScriptRunner.swift in Sources */ = {isa = PBXBuildFile; fileRef = D2B221931F97528200C45949 /* ScriptRunner.swift */; };
		D2B221981F976DA200C45949 /* CodeSnippetFolderNavigator.swift in Sources */ = {isa = PBXBuildFile; fileRef = D2B221971F976DA200C45949 /* CodeSnippetFolderNavigator.swift */; };
		D2C329232046EA0A00DB04F0 /* OpenFileInGitHubNavigator.swift in Sources */ = {isa = PBXBuildFile; fileRef = D2C329222046EA0A00DB04F0 /* OpenFileInGitHubNavigator.swift */; };
		D2C329252046EA1C00DB04F0 /* Open Document.swift in Sources */ = {isa = PBXBuildFile; fileRef = D2C329242046EA1C00DB04F0 /* Open Document.swift */; };
		D2D07D6C1F97460400416315 /* AppDelegate.swift in Sources */ = {isa = PBXBuildFile; fileRef = D2D07D6B1F97460400416315 /* AppDelegate.swift */; };
		D2D07D6E1F97460400416315 /* ViewController.swift in Sources */ = {isa = PBXBuildFile; fileRef = D2D07D6D1F97460400416315 /* ViewController.swift */; };
		D2D07D701F97460400416315 /* Assets.xcassets in Resources */ = {isa = PBXBuildFile; fileRef = D2D07D6F1F97460400416315 /* Assets.xcassets */; };
		D2D07D731F97460400416315 /* Main.storyboard in Resources */ = {isa = PBXBuildFile; fileRef = D2D07D711F97460400416315 /* Main.storyboard */; };
		D2D07D7E1F9746AF00416315 /* Cocoa.framework in Frameworks */ = {isa = PBXBuildFile; fileRef = D21062FE1D4224B80005A1A8 /* Cocoa.framework */; };
		D2D07D811F9746AF00416315 /* SourceEditorExtension.swift in Sources */ = {isa = PBXBuildFile; fileRef = D2D07D801F9746AF00416315 /* SourceEditorExtension.swift */; };
		D2D07D831F9746AF00416315 /* SourceEditorCommand.swift in Sources */ = {isa = PBXBuildFile; fileRef = D2D07D821F9746AF00416315 /* SourceEditorCommand.swift */; };
		D2D07D881F9746AF00416315 /* XcodeWay.appex in Embed App Extensions */ = {isa = PBXBuildFile; fileRef = D2D07D7D1F9746AF00416315 /* XcodeWay.appex */; settings = {ATTRIBUTES = (RemoveHeadersOnCopy, ); }; };
		D2D07D951F9746E500416315 /* ProvisioningProfileFolderNavigator.swift in Sources */ = {isa = PBXBuildFile; fileRef = D2D07D8E1F9746E500416315 /* ProvisioningProfileFolderNavigator.swift */; };
		D2D07D961F9746E500416315 /* ThemeFolderNavigator.swift in Sources */ = {isa = PBXBuildFile; fileRef = D2D07D8F1F9746E500416315 /* ThemeFolderNavigator.swift */; };
		D2D07D971F9746E500416315 /* Navigator.swift in Sources */ = {isa = PBXBuildFile; fileRef = D2D07D901F9746E500416315 /* Navigator.swift */; };
		D2D07D991F9746E500416315 /* Helper.swift in Sources */ = {isa = PBXBuildFile; fileRef = D2D07D931F9746E500416315 /* Helper.swift */; };
		D2D07D9A1F9746E500416315 /* MenuManager.swift in Sources */ = {isa = PBXBuildFile; fileRef = D2D07D941F9746E500416315 /* MenuManager.swift */; };
		D2F0B1151F978C36007A1945 /* iTermNavigator.swift in Sources */ = {isa = PBXBuildFile; fileRef = D2F0B1141F978C36007A1945 /* iTermNavigator.swift */; };
/* End PBXBuildFile section */

/* Begin PBXContainerItemProxy section */
		D2D07D861F9746AF00416315 /* PBXContainerItemProxy */ = {
			isa = PBXContainerItemProxy;
			containerPortal = D21062E01D4224620005A1A8 /* Project object */;
			proxyType = 1;
			remoteGlobalIDString = D2D07D7C1F9746AF00416315;
			remoteInfo = XcodeWayExtensions;
		};
/* End PBXContainerItemProxy section */

/* Begin PBXCopyFilesBuildPhase section */
		D2D07D8C1F9746AF00416315 /* Embed App Extensions */ = {
			isa = PBXCopyFilesBuildPhase;
			buildActionMask = 2147483647;
			dstPath = "";
			dstSubfolderSpec = 13;
			files = (
				D2D07D881F9746AF00416315 /* XcodeWay.appex in Embed App Extensions */,
			);
			name = "Embed App Extensions";
			runOnlyForDeploymentPostprocessing = 0;
		};
/* End PBXCopyFilesBuildPhase section */

/* Begin PBXFileReference section */
		D21062FE1D4224B80005A1A8 /* Cocoa.framework */ = {isa = PBXFileReference; lastKnownFileType = wrapper.framework; name = Cocoa.framework; path = System/Library/Frameworks/Cocoa.framework; sourceTree = SDKROOT; };
		D21658CC1F97908200F3506F /* DerivedDataNavigator.swift */ = {isa = PBXFileReference; lastKnownFileType = sourcecode.swift; path = DerivedDataNavigator.swift; sourceTree = "<group>"; };
		D21658CE1F97918800F3506F /* GitHubNavigator.swift */ = {isa = PBXFileReference; lastKnownFileType = sourcecode.swift; path = GitHubNavigator.swift; sourceTree = "<group>"; };
		D220F34F1F97841F00F460CC /* ProjectFolderNavigator.swift */ = {isa = PBXFileReference; lastKnownFileType = sourcecode.swift; path = ProjectFolderNavigator.swift; sourceTree = "<group>"; };
		D29D398A1F97DA7B0093FFAA /* AboutNavigator.swift */ = {isa = PBXFileReference; lastKnownFileType = sourcecode.swift; path = AboutNavigator.swift; sourceTree = "<group>"; };
		D2B2218E1F974D9F00C45949 /* ArchivesFolderNavigator.swift */ = {isa = PBXFileReference; lastKnownFileType = sourcecode.swift; path = ArchivesFolderNavigator.swift; sourceTree = "<group>"; };
		D2B221901F974DFB00C45949 /* DeviceSupportFolderNavigator.swift */ = {isa = PBXFileReference; lastKnownFileType = sourcecode.swift; path = DeviceSupportFolderNavigator.swift; sourceTree = "<group>"; };
		D2B221931F97528200C45949 /* ScriptRunner.swift */ = {isa = PBXFileReference; lastKnownFileType = sourcecode.swift; path = ScriptRunner.swift; sourceTree = "<group>"; };
		D2B221961F976D7B00C45949 /* Script */ = {isa = PBXFileReference; lastKnownFileType = folder; path = Script; sourceTree = "<group>"; };
		D2B221971F976DA200C45949 /* CodeSnippetFolderNavigator.swift */ = {isa = PBXFileReference; lastKnownFileType = sourcecode.swift; path = CodeSnippetFolderNavigator.swift; sourceTree = "<group>"; };
		D2C329222046EA0A00DB04F0 /* OpenFileInGitHubNavigator.swift */ = {isa = PBXFileReference; lastKnownFileType = sourcecode.swift; path = OpenFileInGitHubNavigator.swift; sourceTree = "<group>"; };
		D2C329242046EA1C00DB04F0 /* Open Document.swift */ = {isa = PBXFileReference; lastKnownFileType = sourcecode.swift; path = "Open Document.swift"; sourceTree = "<group>"; };
		D2D07D691F97460400416315 /* XcodeWayApp.app */ = {isa = PBXFileReference; explicitFileType = wrapper.application; includeInIndex = 0; path = XcodeWayApp.app; sourceTree = BUILT_PRODUCTS_DIR; };
		D2D07D6B1F97460400416315 /* AppDelegate.swift */ = {isa = PBXFileReference; lastKnownFileType = sourcecode.swift; path = AppDelegate.swift; sourceTree = "<group>"; };
		D2D07D6D1F97460400416315 /* ViewController.swift */ = {isa = PBXFileReference; lastKnownFileType = sourcecode.swift; path = ViewController.swift; sourceTree = "<group>"; };
		D2D07D6F1F97460400416315 /* Assets.xcassets */ = {isa = PBXFileReference; lastKnownFileType = folder.assetcatalog; path = Assets.xcassets; sourceTree = "<group>"; };
		D2D07D721F97460400416315 /* Base */ = {isa = PBXFileReference; lastKnownFileType = file.storyboard; name = Base; path = Base.lproj/Main.storyboard; sourceTree = "<group>"; };
		D2D07D741F97460400416315 /* Info.plist */ = {isa = PBXFileReference; lastKnownFileType = text.plist.xml; path = Info.plist; sourceTree = "<group>"; };
		D2D07D751F97460400416315 /* XcodeWayApp.entitlements */ = {isa = PBXFileReference; lastKnownFileType = text.plist.entitlements; path = XcodeWayApp.entitlements; sourceTree = "<group>"; };
		D2D07D7D1F9746AF00416315 /* XcodeWay.appex */ = {isa = PBXFileReference; explicitFileType = "wrapper.app-extension"; includeInIndex = 0; path = XcodeWay.appex; sourceTree = BUILT_PRODUCTS_DIR; };
		D2D07D801F9746AF00416315 /* SourceEditorExtension.swift */ = {isa = PBXFileReference; lastKnownFileType = sourcecode.swift; path = SourceEditorExtension.swift; sourceTree = "<group>"; };
		D2D07D821F9746AF00416315 /* SourceEditorCommand.swift */ = {isa = PBXFileReference; lastKnownFileType = sourcecode.swift; path = SourceEditorCommand.swift; sourceTree = "<group>"; };
		D2D07D841F9746AF00416315 /* Info.plist */ = {isa = PBXFileReference; lastKnownFileType = text.plist.xml; path = Info.plist; sourceTree = "<group>"; };
		D2D07D851F9746AF00416315 /* XcodeWayExtensions.entitlements */ = {isa = PBXFileReference; lastKnownFileType = text.plist.entitlements; path = XcodeWayExtensions.entitlements; sourceTree = "<group>"; };
		D2D07D8E1F9746E500416315 /* ProvisioningProfileFolderNavigator.swift */ = {isa = PBXFileReference; fileEncoding = 4; lastKnownFileType = sourcecode.swift; path = ProvisioningProfileFolderNavigator.swift; sourceTree = "<group>"; };
		D2D07D8F1F9746E500416315 /* ThemeFolderNavigator.swift */ = {isa = PBXFileReference; fileEncoding = 4; lastKnownFileType = sourcecode.swift; path = ThemeFolderNavigator.swift; sourceTree = "<group>"; };
		D2D07D901F9746E500416315 /* Navigator.swift */ = {isa = PBXFileReference; fileEncoding = 4; lastKnownFileType = sourcecode.swift; path = Navigator.swift; sourceTree = "<group>"; };
		D2D07D931F9746E500416315 /* Helper.swift */ = {isa = PBXFileReference; fileEncoding = 4; lastKnownFileType = sourcecode.swift; path = Helper.swift; sourceTree = "<group>"; };
		D2D07D941F9746E500416315 /* MenuManager.swift */ = {isa = PBXFileReference; fileEncoding = 4; lastKnownFileType = sourcecode.swift; path = MenuManager.swift; sourceTree = "<group>"; };
		D2F0B1141F978C36007A1945 /* iTermNavigator.swift */ = {isa = PBXFileReference; lastKnownFileType = sourcecode.swift; path = iTermNavigator.swift; sourceTree = "<group>"; };
/* End PBXFileReference section */

/* Begin PBXFrameworksBuildPhase section */
		D2D07D661F97460400416315 /* Frameworks */ = {
			isa = PBXFrameworksBuildPhase;
			buildActionMask = 2147483647;
			files = (
			);
			runOnlyForDeploymentPostprocessing = 0;
		};
		D2D07D7A1F9746AF00416315 /* Frameworks */ = {
			isa = PBXFrameworksBuildPhase;
			buildActionMask = 2147483647;
			files = (
				D2D07D7E1F9746AF00416315 /* Cocoa.framework in Frameworks */,
			);
			runOnlyForDeploymentPostprocessing = 0;
		};
/* End PBXFrameworksBuildPhase section */

/* Begin PBXGroup section */
		D21062DF1D4224620005A1A8 = {
			isa = PBXGroup;
			children = (
				D2D07D6A1F97460400416315 /* XcodeWayApp */,
				D2D07D7F1F9746AF00416315 /* XcodeWayExtensions */,
				D21062FD1D4224B80005A1A8 /* Frameworks */,
				D21062E91D4224620005A1A8 /* Products */,
			);
			sourceTree = "<group>";
		};
		D21062E91D4224620005A1A8 /* Products */ = {
			isa = PBXGroup;
			children = (
				D2D07D691F97460400416315 /* XcodeWayApp.app */,
				D2D07D7D1F9746AF00416315 /* XcodeWay.appex */,
			);
			name = Products;
			sourceTree = "<group>";
		};
		D21062FD1D4224B80005A1A8 /* Frameworks */ = {
			isa = PBXGroup;
			children = (
				D21062FE1D4224B80005A1A8 /* Cocoa.framework */,
			);
			name = Frameworks;
			sourceTree = "<group>";
		};
		D2D07D6A1F97460400416315 /* XcodeWayApp */ = {
			isa = PBXGroup;
			children = (
				D2D07D6B1F97460400416315 /* AppDelegate.swift */,
				D2D07D6D1F97460400416315 /* ViewController.swift */,
				D2D07D6F1F97460400416315 /* Assets.xcassets */,
				D2D07D711F97460400416315 /* Main.storyboard */,
				D2D07D741F97460400416315 /* Info.plist */,
				D2D07D751F97460400416315 /* XcodeWayApp.entitlements */,
			);
			path = XcodeWayApp;
			sourceTree = "<group>";
		};
		D2D07D7F1F9746AF00416315 /* XcodeWayExtensions */ = {
			isa = PBXGroup;
			children = (
				D2B221961F976D7B00C45949 /* Script */,
				D2D07D911F9746E500416315 /* Helper */,
				D2D07D8D1F9746E500416315 /* Navigator */,
				D2D07D801F9746AF00416315 /* SourceEditorExtension.swift */,
				D2D07D821F9746AF00416315 /* SourceEditorCommand.swift */,
				D2D07D841F9746AF00416315 /* Info.plist */,
				D2D07D851F9746AF00416315 /* XcodeWayExtensions.entitlements */,
			);
			path = XcodeWayExtensions;
			sourceTree = "<group>";
		};
		D2D07D8D1F9746E500416315 /* Navigator */ = {
			isa = PBXGroup;
			children = (
				D2D07D8E1F9746E500416315 /* ProvisioningProfileFolderNavigator.swift */,
				D2D07D8F1F9746E500416315 /* ThemeFolderNavigator.swift */,
				D2D07D901F9746E500416315 /* Navigator.swift */,
				D2B2218E1F974D9F00C45949 /* ArchivesFolderNavigator.swift */,
				D2B221901F974DFB00C45949 /* DeviceSupportFolderNavigator.swift */,
				D2B221971F976DA200C45949 /* CodeSnippetFolderNavigator.swift */,
				D220F34F1F97841F00F460CC /* ProjectFolderNavigator.swift */,
				D2F0B1141F978C36007A1945 /* iTermNavigator.swift */,
				D21658CC1F97908200F3506F /* DerivedDataNavigator.swift */,
				D21658CE1F97918800F3506F /* GitHubNavigator.swift */,
				D29D398A1F97DA7B0093FFAA /* AboutNavigator.swift */,
				D2C329222046EA0A00DB04F0 /* OpenFileInGitHubNavigator.swift */,
				D2C329242046EA1C00DB04F0 /* Open Document.swift */,
			);
			path = Navigator;
			sourceTree = "<group>";
		};
		D2D07D911F9746E500416315 /* Helper */ = {
			isa = PBXGroup;
			children = (
				D2D07D931F9746E500416315 /* Helper.swift */,
				D2D07D941F9746E500416315 /* MenuManager.swift */,
				D2B221931F97528200C45949 /* ScriptRunner.swift */,
			);
			path = Helper;
			sourceTree = "<group>";
		};
/* End PBXGroup section */

/* Begin PBXNativeTarget section */
		D2D07D681F97460400416315 /* XcodeWayApp */ = {
			isa = PBXNativeTarget;
			buildConfigurationList = D2D07D761F97460400416315 /* Build configuration list for PBXNativeTarget "XcodeWayApp" */;
			buildPhases = (
				D2D07D651F97460400416315 /* Sources */,
				D2D07D661F97460400416315 /* Frameworks */,
				D2D07D671F97460400416315 /* Resources */,
				D2D07D8C1F9746AF00416315 /* Embed App Extensions */,
			);
			buildRules = (
			);
			dependencies = (
				D2D07D871F9746AF00416315 /* PBXTargetDependency */,
			);
			name = XcodeWayApp;
			productName = XcodeWayApp;
			productReference = D2D07D691F97460400416315 /* XcodeWayApp.app */;
			productType = "com.apple.product-type.application";
		};
		D2D07D7C1F9746AF00416315 /* XcodeWayExtensions */ = {
			isa = PBXNativeTarget;
			buildConfigurationList = D2D07D891F9746AF00416315 /* Build configuration list for PBXNativeTarget "XcodeWayExtensions" */;
			buildPhases = (
				D2D07D791F9746AF00416315 /* Sources */,
				D2D07D7A1F9746AF00416315 /* Frameworks */,
				D2D07D7B1F9746AF00416315 /* Resources */,
				D2B221991F976DF500C45949 /* Copy AppleScript */,
			);
			buildRules = (
			);
			dependencies = (
			);
			name = XcodeWayExtensions;
			productName = XcodeWayExtensions;
			productReference = D2D07D7D1F9746AF00416315 /* XcodeWay.appex */;
			productType = "com.apple.product-type.xcode-extension";
		};
/* End PBXNativeTarget section */

/* Begin PBXProject section */
		D21062E01D4224620005A1A8 /* Project object */ = {
			isa = PBXProject;
			attributes = {
				LastSwiftUpdateCheck = 0900;
				LastUpgradeCheck = 1000;
				ORGANIZATIONNAME = Fantageek;
				TargetAttributes = {
					D2D07D681F97460400416315 = {
						CreatedOnToolsVersion = 9.0;
						DevelopmentTeam = T78DK947F2;
						ProvisioningStyle = Automatic;
					};
					D2D07D7C1F9746AF00416315 = {
						CreatedOnToolsVersion = 9.0;
						DevelopmentTeam = T78DK947F2;
						ProvisioningStyle = Automatic;
					};
				};
			};
			buildConfigurationList = D21062E31D4224620005A1A8 /* Build configuration list for PBXProject "XcodeWay" */;
			compatibilityVersion = "Xcode 3.2";
			developmentRegion = English;
			hasScannedForEncodings = 0;
			knownRegions = (
				en,
				Base,
			);
			mainGroup = D21062DF1D4224620005A1A8;
			productRefGroup = D21062E91D4224620005A1A8 /* Products */;
			projectDirPath = "";
			projectRoot = "";
			targets = (
				D2D07D681F97460400416315 /* XcodeWayApp */,
				D2D07D7C1F9746AF00416315 /* XcodeWayExtensions */,
			);
		};
/* End PBXProject section */

/* Begin PBXResourcesBuildPhase section */
		D2D07D671F97460400416315 /* Resources */ = {
			isa = PBXResourcesBuildPhase;
			buildActionMask = 2147483647;
			files = (
				D2D07D701F97460400416315 /* Assets.xcassets in Resources */,
				D2D07D731F97460400416315 /* Main.storyboard in Resources */,
			);
			runOnlyForDeploymentPostprocessing = 0;
		};
		D2D07D7B1F9746AF00416315 /* Resources */ = {
			isa = PBXResourcesBuildPhase;
			buildActionMask = 2147483647;
			files = (
			);
			runOnlyForDeploymentPostprocessing = 0;
		};
/* End PBXResourcesBuildPhase section */

/* Begin PBXShellScriptBuildPhase section */
		D2B221991F976DF500C45949 /* Copy AppleScript */ = {
			isa = PBXShellScriptBuildPhase;
			buildActionMask = 2147483647;
			files = (
			);
			inputPaths = (
			);
			name = "Copy AppleScript";
			outputPaths = (
			);
			runOnlyForDeploymentPostprocessing = 0;
			shellPath = /bin/sh;
			shellScript = "cp \"${SRCROOT}/XcodeWayExtensions/Script/XcodeWayScript.scpt\" \"/Users/khoa/Library/Application Scripts/com.fantageek.XcodeWayApp.XcodeWayExtensions\"";
		};
/* End PBXShellScriptBuildPhase section */

/* Begin PBXSourcesBuildPhase section */
		D2D07D651F97460400416315 /* Sources */ = {
			isa = PBXSourcesBuildPhase;
			buildActionMask = 2147483647;
			files = (
				D2D07D6E1F97460400416315 /* ViewController.swift in Sources */,
				D2D07D6C1F97460400416315 /* AppDelegate.swift in Sources */,
			);
			runOnlyForDeploymentPostprocessing = 0;
		};
		D2D07D791F9746AF00416315 /* Sources */ = {
			isa = PBXSourcesBuildPhase;
			buildActionMask = 2147483647;
			files = (
				D2D07D811F9746AF00416315 /* SourceEditorExtension.swift in Sources */,
				D21658CD1F97908200F3506F /* DerivedDataNavigator.swift in Sources */,
				D2D07D991F9746E500416315 /* Helper.swift in Sources */,
				D2C329252046EA1C00DB04F0 /* Open Document.swift in Sources */,
				D2D07D971F9746E500416315 /* Navigator.swift in Sources */,
				D2B221911F974DFB00C45949 /* DeviceSupportFolderNavigator.swift in Sources */,
				D29D398B1F97DA7B0093FFAA /* AboutNavigator.swift in Sources */,
				D21658CF1F97918800F3506F /* GitHubNavigator.swift in Sources */,
				D2B221981F976DA200C45949 /* CodeSnippetFolderNavigator.swift in Sources */,
				D2F0B1151F978C36007A1945 /* iTermNavigator.swift in Sources */,
				D220F3501F97841F00F460CC /* ProjectFolderNavigator.swift in Sources */,
				D2B221941F97528200C45949 /* ScriptRunner.swift in Sources */,
				D2D07D831F9746AF00416315 /* SourceEditorCommand.swift in Sources */,
				D2D07D9A1F9746E500416315 /* MenuManager.swift in Sources */,
				D2C329232046EA0A00DB04F0 /* OpenFileInGitHubNavigator.swift in Sources */,
				D2B2218F1F974D9F00C45949 /* ArchivesFolderNavigator.swift in Sources */,
				D2D07D951F9746E500416315 /* ProvisioningProfileFolderNavigator.swift in Sources */,
				D2D07D961F9746E500416315 /* ThemeFolderNavigator.swift in Sources */,
			);
			runOnlyForDeploymentPostprocessing = 0;
		};
/* End PBXSourcesBuildPhase section */

/* Begin PBXTargetDependency section */
		D2D07D871F9746AF00416315 /* PBXTargetDependency */ = {
			isa = PBXTargetDependency;
			target = D2D07D7C1F9746AF00416315 /* XcodeWayExtensions */;
			targetProxy = D2D07D861F9746AF00416315 /* PBXContainerItemProxy */;
		};
/* End PBXTargetDependency section */

/* Begin PBXVariantGroup section */
		D2D07D711F97460400416315 /* Main.storyboard */ = {
			isa = PBXVariantGroup;
			children = (
				D2D07D721F97460400416315 /* Base */,
			);
			name = Main.storyboard;
			sourceTree = "<group>";
		};
/* End PBXVariantGroup section */

/* Begin XCBuildConfiguration section */
		D21062F31D4224620005A1A8 /* Debug */ = {
			isa = XCBuildConfiguration;
			buildSettings = {
				ALWAYS_SEARCH_USER_PATHS = NO;
				CLANG_ANALYZER_NONNULL = YES;
				CLANG_CXX_LANGUAGE_STANDARD = "gnu++0x";
				CLANG_CXX_LIBRARY = "libc++";
				CLANG_ENABLE_MODULES = YES;
				CLANG_ENABLE_OBJC_ARC = YES;
				CLANG_WARN_BLOCK_CAPTURE_AUTORELEASING = YES;
				CLANG_WARN_BOOL_CONVERSION = YES;
				CLANG_WARN_COMMA = YES;
				CLANG_WARN_CONSTANT_CONVERSION = YES;
				CLANG_WARN_DEPRECATED_OBJC_IMPLEMENTATIONS = YES;
				CLANG_WARN_DIRECT_OBJC_ISA_USAGE = YES_ERROR;
				CLANG_WARN_DOCUMENTATION_COMMENTS = YES;
				CLANG_WARN_EMPTY_BODY = YES;
				CLANG_WARN_ENUM_CONVERSION = YES;
				CLANG_WARN_INFINITE_RECURSION = YES;
				CLANG_WARN_INT_CONVERSION = YES;
				CLANG_WARN_NON_LITERAL_NULL_CONVERSION = YES;
				CLANG_WARN_OBJC_IMPLICIT_RETAIN_SELF = YES;
				CLANG_WARN_OBJC_LITERAL_CONVERSION = YES;
				CLANG_WARN_OBJC_ROOT_CLASS = YES_ERROR;
				CLANG_WARN_RANGE_LOOP_ANALYSIS = YES;
				CLANG_WARN_STRICT_PROTOTYPES = YES;
				CLANG_WARN_SUSPICIOUS_MOVE = YES;
				CLANG_WARN_UNREACHABLE_CODE = YES;
				CLANG_WARN__DUPLICATE_METHOD_MATCH = YES;
				CODE_SIGN_IDENTITY = "-";
				COPY_PHASE_STRIP = NO;
				DEBUG_INFORMATION_FORMAT = dwarf;
				ENABLE_STRICT_OBJC_MSGSEND = YES;
				ENABLE_TESTABILITY = YES;
				GCC_C_LANGUAGE_STANDARD = gnu99;
				GCC_DYNAMIC_NO_PIC = NO;
				GCC_NO_COMMON_BLOCKS = YES;
				GCC_OPTIMIZATION_LEVEL = 0;
				GCC_PREPROCESSOR_DEFINITIONS = (
					"DEBUG=1",
					"$(inherited)",
				);
				GCC_WARN_64_TO_32_BIT_CONVERSION = YES;
				GCC_WARN_ABOUT_RETURN_TYPE = YES_ERROR;
				GCC_WARN_UNDECLARED_SELECTOR = YES;
				GCC_WARN_UNINITIALIZED_AUTOS = YES_AGGRESSIVE;
				GCC_WARN_UNUSED_FUNCTION = YES;
				GCC_WARN_UNUSED_VARIABLE = YES;
				MACOSX_DEPLOYMENT_TARGET = 10.12;
				MTL_ENABLE_DEBUG_INFO = YES;
				ONLY_ACTIVE_ARCH = YES;
				SDKROOT = macosx;
				SWIFT_ACTIVE_COMPILATION_CONDITIONS = DEBUG;
				SWIFT_OPTIMIZATION_LEVEL = "-Onone";
				SWIFT_VERSION = 4.0;
			};
			name = Debug;
		};
		D21062F41D4224620005A1A8 /* Release */ = {
			isa = XCBuildConfiguration;
			buildSettings = {
				ALWAYS_SEARCH_USER_PATHS = NO;
				CLANG_ANALYZER_NONNULL = YES;
				CLANG_CXX_LANGUAGE_STANDARD = "gnu++0x";
				CLANG_CXX_LIBRARY = "libc++";
				CLANG_ENABLE_MODULES = YES;
				CLANG_ENABLE_OBJC_ARC = YES;
				CLANG_WARN_BLOCK_CAPTURE_AUTORELEASING = YES;
				CLANG_WARN_BOOL_CONVERSION = YES;
				CLANG_WARN_COMMA = YES;
				CLANG_WARN_CONSTANT_CONVERSION = YES;
				CLANG_WARN_DEPRECATED_OBJC_IMPLEMENTATIONS = YES;
				CLANG_WARN_DIRECT_OBJC_ISA_USAGE = YES_ERROR;
				CLANG_WARN_DOCUMENTATION_COMMENTS = YES;
				CLANG_WARN_EMPTY_BODY = YES;
				CLANG_WARN_ENUM_CONVERSION = YES;
				CLANG_WARN_INFINITE_RECURSION = YES;
				CLANG_WARN_INT_CONVERSION = YES;
				CLANG_WARN_NON_LITERAL_NULL_CONVERSION = YES;
				CLANG_WARN_OBJC_IMPLICIT_RETAIN_SELF = YES;
				CLANG_WARN_OBJC_LITERAL_CONVERSION = YES;
				CLANG_WARN_OBJC_ROOT_CLASS = YES_ERROR;
				CLANG_WARN_RANGE_LOOP_ANALYSIS = YES;
				CLANG_WARN_STRICT_PROTOTYPES = YES;
				CLANG_WARN_SUSPICIOUS_MOVE = YES;
				CLANG_WARN_UNREACHABLE_CODE = YES;
				CLANG_WARN__DUPLICATE_METHOD_MATCH = YES;
				CODE_SIGN_IDENTITY = "-";
				COPY_PHASE_STRIP = NO;
				DEBUG_INFORMATION_FORMAT = "dwarf-with-dsym";
				ENABLE_NS_ASSERTIONS = NO;
				ENABLE_STRICT_OBJC_MSGSEND = YES;
				GCC_C_LANGUAGE_STANDARD = gnu99;
				GCC_NO_COMMON_BLOCKS = YES;
				GCC_WARN_64_TO_32_BIT_CONVERSION = YES;
				GCC_WARN_ABOUT_RETURN_TYPE = YES_ERROR;
				GCC_WARN_UNDECLARED_SELECTOR = YES;
				GCC_WARN_UNINITIALIZED_AUTOS = YES_AGGRESSIVE;
				GCC_WARN_UNUSED_FUNCTION = YES;
				GCC_WARN_UNUSED_VARIABLE = YES;
				MACOSX_DEPLOYMENT_TARGET = 10.12;
				MTL_ENABLE_DEBUG_INFO = NO;
				SDKROOT = macosx;
				SWIFT_OPTIMIZATION_LEVEL = "-Owholemodule";
				SWIFT_VERSION = 4.0;
			};
			name = Release;
		};
		D2D07D771F97460400416315 /* Debug */ = {
			isa = XCBuildConfiguration;
			buildSettings = {
				ALWAYS_EMBED_SWIFT_STANDARD_LIBRARIES = YES;
				ASSETCATALOG_COMPILER_APPICON_NAME = AppIcon;
				CLANG_ANALYZER_NUMBER_OBJECT_CONVERSION = YES_AGGRESSIVE;
				CLANG_CXX_LANGUAGE_STANDARD = "gnu++14";
				CLANG_WARN_UNGUARDED_AVAILABILITY = YES_AGGRESSIVE;
				CODE_SIGN_ENTITLEMENTS = XcodeWayApp/XcodeWayApp.entitlements;
				CODE_SIGN_IDENTITY = "Mac Developer";
				CODE_SIGN_STYLE = Automatic;
				COMBINE_HIDPI_IMAGES = YES;
				DEVELOPMENT_TEAM = T78DK947F2;
				GCC_C_LANGUAGE_STANDARD = gnu11;
				INFOPLIST_FILE = XcodeWayApp/Info.plist;
				LD_RUNPATH_SEARCH_PATHS = "$(inherited) @executable_path/../Frameworks";
				MACOSX_DEPLOYMENT_TARGET = 10.12;
				PRODUCT_BUNDLE_IDENTIFIER = com.fantageek.XcodeWayApp;
				PRODUCT_NAME = "$(TARGET_NAME)";
				PROVISIONING_PROFILE_SPECIFIER = "";
				SWIFT_VERSION = 4.0;
			};
			name = Debug;
		};
		D2D07D781F97460400416315 /* Release */ = {
			isa = XCBuildConfiguration;
			buildSettings = {
				ALWAYS_EMBED_SWIFT_STANDARD_LIBRARIES = YES;
				ASSETCATALOG_COMPILER_APPICON_NAME = AppIcon;
				CLANG_ANALYZER_NUMBER_OBJECT_CONVERSION = YES_AGGRESSIVE;
				CLANG_CXX_LANGUAGE_STANDARD = "gnu++14";
				CLANG_WARN_UNGUARDED_AVAILABILITY = YES_AGGRESSIVE;
				CODE_SIGN_ENTITLEMENTS = XcodeWayApp/XcodeWayApp.entitlements;
				CODE_SIGN_IDENTITY = "Mac Developer";
				CODE_SIGN_STYLE = Automatic;
				COMBINE_HIDPI_IMAGES = YES;
				DEVELOPMENT_TEAM = T78DK947F2;
				GCC_C_LANGUAGE_STANDARD = gnu11;
				INFOPLIST_FILE = XcodeWayApp/Info.plist;
				LD_RUNPATH_SEARCH_PATHS = "$(inherited) @executable_path/../Frameworks";
				MACOSX_DEPLOYMENT_TARGET = 10.12;
				PRODUCT_BUNDLE_IDENTIFIER = com.fantageek.XcodeWayApp;
				PRODUCT_NAME = "$(TARGET_NAME)";
				PROVISIONING_PROFILE_SPECIFIER = "";
				SWIFT_VERSION = 4.0;
			};
			name = Release;
		};
		D2D07D8A1F9746AF00416315 /* Debug */ = {
			isa = XCBuildConfiguration;
			buildSettings = {
				CLANG_ANALYZER_NUMBER_OBJECT_CONVERSION = YES_AGGRESSIVE;
				CLANG_CXX_LANGUAGE_STANDARD = "gnu++14";
				CLANG_WARN_UNGUARDED_AVAILABILITY = YES_AGGRESSIVE;
				CODE_SIGN_ENTITLEMENTS = XcodeWayExtensions/XcodeWayExtensions.entitlements;
				CODE_SIGN_IDENTITY = "Mac Developer";
				CODE_SIGN_STYLE = Automatic;
				COMBINE_HIDPI_IMAGES = YES;
				DEVELOPMENT_TEAM = T78DK947F2;
				GCC_C_LANGUAGE_STANDARD = gnu11;
				INFOPLIST_FILE = XcodeWayExtensions/Info.plist;
				LD_RUNPATH_SEARCH_PATHS = "$(inherited) @executable_path/../Frameworks @executable_path/../../../../Frameworks";
				MACOSX_DEPLOYMENT_TARGET = 10.12;
				PRODUCT_BUNDLE_IDENTIFIER = com.fantageek.XcodeWayApp.XcodeWayExtensions;
				PRODUCT_NAME = XcodeWay;
				PROVISIONING_PROFILE_SPECIFIER = "";
				SKIP_INSTALL = YES;
				SWIFT_VERSION = 4.0;
			};
			name = Debug;
		};
		D2D07D8B1F9746AF00416315 /* Release */ = {
			isa = XCBuildConfiguration;
			buildSettings = {
				CLANG_ANALYZER_NUMBER_OBJECT_CONVERSION = YES_AGGRESSIVE;
				CLANG_CXX_LANGUAGE_STANDARD = "gnu++14";
				CLANG_WARN_UNGUARDED_AVAILABILITY = YES_AGGRESSIVE;
				CODE_SIGN_ENTITLEMENTS = XcodeWayExtensions/XcodeWayExtensions.entitlements;
				CODE_SIGN_IDENTITY = "Mac Developer";
				CODE_SIGN_STYLE = Automatic;
				COMBINE_HIDPI_IMAGES = YES;
				DEVELOPMENT_TEAM = T78DK947F2;
				GCC_C_LANGUAGE_STANDARD = gnu11;
				INFOPLIST_FILE = XcodeWayExtensions/Info.plist;
				LD_RUNPATH_SEARCH_PATHS = "$(inherited) @executable_path/../Frameworks @executable_path/../../../../Frameworks";
				MACOSX_DEPLOYMENT_TARGET = 10.12;
				PRODUCT_BUNDLE_IDENTIFIER = com.fantageek.XcodeWayApp.XcodeWayExtensions;
				PRODUCT_NAME = XcodeWay;
				PROVISIONING_PROFILE_SPECIFIER = "";
				SKIP_INSTALL = YES;
				SWIFT_VERSION = 4.0;
			};
			name = Release;
		};
/* End XCBuildConfiguration section */

/* Begin XCConfigurationList section */
		D21062E31D4224620005A1A8 /* Build configuration list for PBXProject "XcodeWay" */ = {
			isa = XCConfigurationList;
			buildConfigurations = (
				D21062F31D4224620005A1A8 /* Debug */,
				D21062F41D4224620005A1A8 /* Release */,
			);
			defaultConfigurationIsVisible = 0;
			defaultConfigurationName = Release;
		};
		D2D07D761F97460400416315 /* Build configuration list for PBXNativeTarget "XcodeWayApp" */ = {
			isa = XCConfigurationList;
			buildConfigurations = (
				D2D07D771F97460400416315 /* Debug */,
				D2D07D781F97460400416315 /* Release */,
			);
			defaultConfigurationIsVisible = 0;
			defaultConfigurationName = Release;
		};
		D2D07D891F9746AF00416315 /* Build configuration list for PBXNativeTarget "XcodeWayExtensions" */ = {
			isa = XCConfigurationList;
			buildConfigurations = (
				D2D07D8A1F9746AF00416315 /* Debug */,
				D2D07D8B1F9746AF00416315 /* Release */,
			);
			defaultConfigurationIsVisible = 0;
			defaultConfigurationName = Release;
		};
/* End XCConfigurationList section */
	};
	rootObject = D21062E01D4224620005A1A8 /* Project object */;
}
